// !$*UTF8*$!
{
	archiveVersion = 1;
	classes = {
	};
	objectVersion = 46;
	objects = {

/* Begin PBXBuildFile section */
		15A9113C9DB14C888B2F82D1 /* libPods-InstaVideoLite.a in Frameworks */ = {isa = PBXBuildFile; fileRef = 2B1C9D8935374E6788C458A4 /* libPods-InstaVideoLite.a */; };
		68F60D5219C20ED300F934A8 /* main.m in Sources */ = {isa = PBXBuildFile; fileRef = 68F60D5119C20ED300F934A8 /* main.m */; };
		68F60D5519C20ED300F934A8 /* AppDelegate.m in Sources */ = {isa = PBXBuildFile; fileRef = 68F60D5419C20ED300F934A8 /* AppDelegate.m */; };
		68F60D5B19C20ED300F934A8 /* Main.storyboard in Resources */ = {isa = PBXBuildFile; fileRef = 68F60D5919C20ED300F934A8 /* Main.storyboard */; };
		68F60D5D19C20ED400F934A8 /* Images.xcassets in Resources */ = {isa = PBXBuildFile; fileRef = 68F60D5C19C20ED400F934A8 /* Images.xcassets */; };
		68F60D6019C20ED400F934A8 /* LaunchScreen.xib in Resources */ = {isa = PBXBuildFile; fileRef = 68F60D5E19C20ED400F934A8 /* LaunchScreen.xib */; };
		68F60D6C19C20ED400F934A8 /* InstaVideoLiteTests.m in Sources */ = {isa = PBXBuildFile; fileRef = 68F60D6B19C20ED400F934A8 /* InstaVideoLiteTests.m */; };
		68F60D8419C20F5F00F934A8 /* 4inch_5.png in Resources */ = {isa = PBXBuildFile; fileRef = 68F60D7B19C20F5F00F934A8 /* 4inch_5.png */; };
		68F60D8519C20F5F00F934A8 /* 4inch_6.png in Resources */ = {isa = PBXBuildFile; fileRef = 68F60D7C19C20F5F00F934A8 /* 4inch_6.png */; };
		68F60D8619C20F5F00F934A8 /* 4inch_6a.png in Resources */ = {isa = PBXBuildFile; fileRef = 68F60D7D19C20F5F00F934A8 /* 4inch_6a.png */; };
		68F60D8719C20F5F00F934A8 /* 4inch_7a.png in Resources */ = {isa = PBXBuildFile; fileRef = 68F60D7E19C20F5F00F934A8 /* 4inch_7a.png */; };
		68F60D8819C20F5F00F934A8 /* 4inch_7b.png in Resources */ = {isa = PBXBuildFile; fileRef = 68F60D7F19C20F5F00F934A8 /* 4inch_7b.png */; };
		68F60D8919C20F5F00F934A8 /* 4inch_7c.png in Resources */ = {isa = PBXBuildFile; fileRef = 68F60D8019C20F5F00F934A8 /* 4inch_7c.png */; };
		68F60D8A19C20F5F00F934A8 /* 4inch_7d.png in Resources */ = {isa = PBXBuildFile; fileRef = 68F60D8119C20F5F00F934A8 /* 4inch_7d.png */; };
		68F60D8B19C20F5F00F934A8 /* 4inch_8.png in Resources */ = {isa = PBXBuildFile; fileRef = 68F60D8219C20F5F00F934A8 /* 4inch_8.png */; };
		68F60D8C19C20F5F00F934A8 /* 4inch_9.png in Resources */ = {isa = PBXBuildFile; fileRef = 68F60D8319C20F5F00F934A8 /* 4inch_9.png */; };
		68F60D9119C20FCB00F934A8 /* 4inch_1.png in Resources */ = {isa = PBXBuildFile; fileRef = 68F60D8D19C20FCB00F934A8 /* 4inch_1.png */; };
		68F60D9219C20FCB00F934A8 /* 4inch_2.png in Resources */ = {isa = PBXBuildFile; fileRef = 68F60D8E19C20FCB00F934A8 /* 4inch_2.png */; };
		68F60D9319C20FCB00F934A8 /* 4inch_3.png in Resources */ = {isa = PBXBuildFile; fileRef = 68F60D8F19C20FCB00F934A8 /* 4inch_3.png */; };
		68F60D9419C20FCB00F934A8 /* 4inch_4.png in Resources */ = {isa = PBXBuildFile; fileRef = 68F60D9019C20FCB00F934A8 /* 4inch_4.png */; };
		68F60D9D19C28B1000F934A8 /* ILEditorViewController.m in Sources */ = {isa = PBXBuildFile; fileRef = 68F60D9C19C28B1000F934A8 /* ILEditorViewController.m */; };
		68F60DA319C28D1500F934A8 /* ILClipDockView.m in Sources */ = {isa = PBXBuildFile; fileRef = 68F60DA219C28D1500F934A8 /* ILClipDockView.m */; };
		68F60DA719C28FBD00F934A8 /* jerryfish.m4v in Resources */ = {isa = PBXBuildFile; fileRef = 68F60DA419C28FBD00F934A8 /* jerryfish.m4v */; };
		68F60DA919C28FBD00F934A8 /* skateboarding.m4v in Resources */ = {isa = PBXBuildFile; fileRef = 68F60DA619C28FBD00F934A8 /* skateboarding.m4v */; };
		68F60DAC19C296AD00F934A8 /* ILPlayerManager.m in Sources */ = {isa = PBXBuildFile; fileRef = 68F60DAB19C296AD00F934A8 /* ILPlayerManager.m */; };
		68F60DAF19C29EB600F934A8 /* ILCommon.m in Sources */ = {isa = PBXBuildFile; fileRef = 68F60DAE19C29EB600F934A8 /* ILCommon.m */; };
		68F60DB819C2CCDC00F934A8 /* instavideo.xcdatamodeld in Sources */ = {isa = PBXBuildFile; fileRef = 68F60DB619C2CCDC00F934A8 /* instavideo.xcdatamodeld */; };
		68F60DBB19C2ECAA00F934A8 /* ILCameraViewController.m in Sources */ = {isa = PBXBuildFile; fileRef = 68F60DBA19C2ECAA00F934A8 /* ILCameraViewController.m */; };
		68F60DBF19C2EF5100F934A8 /* ILPhotosViewController.m in Sources */ = {isa = PBXBuildFile; fileRef = 68F60DBD19C2EF5100F934A8 /* ILPhotosViewController.m */; };
		68F60DC019C2EF5100F934A8 /* ILPhotosViewController.xib in Resources */ = {isa = PBXBuildFile; fileRef = 68F60DBE19C2EF5100F934A8 /* ILPhotosViewController.xib */; };
		68F60DC519C2FF5C00F934A8 /* ILPhotoCell.m in Sources */ = {isa = PBXBuildFile; fileRef = 68F60DC319C2FF5C00F934A8 /* ILPhotoCell.m */; };
		68F60DC619C2FF5C00F934A8 /* ILPhotoCell.xib in Resources */ = {isa = PBXBuildFile; fileRef = 68F60DC419C2FF5C00F934A8 /* ILPhotoCell.xib */; };
		68F60E8319C3DD6B00F934A8 /* ILNavBarView.m in Sources */ = {isa = PBXBuildFile; fileRef = 68F60E8219C3DD6B00F934A8 /* ILNavBarView.m */; };
		68F60E8619C42A5400F934A8 /* ILDataStore.m in Sources */ = {isa = PBXBuildFile; fileRef = 68F60E8519C42A5400F934A8 /* ILDataStore.m */; };
		68F60EFC19C457E800F934A8 /* add_video.png in Resources */ = {isa = PBXBuildFile; fileRef = 68F60E8919C457E800F934A8 /* add_video.png */; };
		68F60EFD19C457E800F934A8 /* add_video@2x.png in Resources */ = {isa = PBXBuildFile; fileRef = 68F60E8A19C457E800F934A8 /* add_video@2x.png */; };
		68F60EFE19C457E800F934A8 /* bk_bar.png in Resources */ = {isa = PBXBuildFile; fileRef = 68F60E8B19C457E800F934A8 /* bk_bar.png */; };
		68F60EFF19C457E800F934A8 /* bk_bar@2x.png in Resources */ = {isa = PBXBuildFile; fileRef = 68F60E8C19C457E800F934A8 /* bk_bar@2x.png */; };
		68F60F0019C457E800F934A8 /* bk_btn.png in Resources */ = {isa = PBXBuildFile; fileRef = 68F60E8D19C457E800F934A8 /* bk_btn.png */; };
		68F60F0119C457E800F934A8 /* bk_btn@2x.png in Resources */ = {isa = PBXBuildFile; fileRef = 68F60E8E19C457E800F934A8 /* bk_btn@2x.png */; };
		68F60F0219C457E800F934A8 /* blue_btn.png in Resources */ = {isa = PBXBuildFile; fileRef = 68F60E8F19C457E800F934A8 /* blue_btn.png */; };
		68F60F0319C457E800F934A8 /* blue_btn@2x.png in Resources */ = {isa = PBXBuildFile; fileRef = 68F60E9019C457E800F934A8 /* blue_btn@2x.png */; };
		68F60F0419C457E800F934A8 /* compose_big_.png in Resources */ = {isa = PBXBuildFile; fileRef = 68F60E9119C457E800F934A8 /* compose_big_.png */; };
		68F60F0519C457E800F934A8 /* compose_big_btn@2x.png in Resources */ = {isa = PBXBuildFile; fileRef = 68F60E9219C457E800F934A8 /* compose_big_btn@2x.png */; };
		68F60F0619C457E800F934A8 /* compose_btn.png in Resources */ = {isa = PBXBuildFile; fileRef = 68F60E9319C457E800F934A8 /* compose_btn.png */; };
		68F60F0719C457E800F934A8 /* compose_btn@2x.png in Resources */ = {isa = PBXBuildFile; fileRef = 68F60E9419C457E800F934A8 /* compose_btn@2x.png */; };
		68F60F0819C457E800F934A8 /* compose_crop.png in Resources */ = {isa = PBXBuildFile; fileRef = 68F60E9519C457E800F934A8 /* compose_crop.png */; };
		68F60F0919C457E800F934A8 /* compose_crop@2x.png in Resources */ = {isa = PBXBuildFile; fileRef = 68F60E9619C457E800F934A8 /* compose_crop@2x.png */; };
		68F60F0A19C457E800F934A8 /* compose_delete.png in Resources */ = {isa = PBXBuildFile; fileRef = 68F60E9719C457E800F934A8 /* compose_delete.png */; };
		68F60F0B19C457E800F934A8 /* compose_delete@2x.png in Resources */ = {isa = PBXBuildFile; fileRef = 68F60E9819C457E800F934A8 /* compose_delete@2x.png */; };
		68F60F0C19C457E800F934A8 /* compose_fx.png in Resources */ = {isa = PBXBuildFile; fileRef = 68F60E9919C457E800F934A8 /* compose_fx.png */; };
		68F60F0D19C457E800F934A8 /* compose_fx@2x.png in Resources */ = {isa = PBXBuildFile; fileRef = 68F60E9A19C457E800F934A8 /* compose_fx@2x.png */; };
		68F60F0E19C457E800F934A8 /* compose_small_btn.png in Resources */ = {isa = PBXBuildFile; fileRef = 68F60E9B19C457E800F934A8 /* compose_small_btn.png */; };
		68F60F0F19C457E800F934A8 /* compose_small_btn@2x.png in Resources */ = {isa = PBXBuildFile; fileRef = 68F60E9C19C457E800F934A8 /* compose_small_btn@2x.png */; };
		68F60F1019C457E800F934A8 /* edit_btn.png in Resources */ = {isa = PBXBuildFile; fileRef = 68F60E9D19C457E800F934A8 /* edit_btn.png */; };
		68F60F1119C457E800F934A8 /* edit_btn@2x.png in Resources */ = {isa = PBXBuildFile; fileRef = 68F60E9E19C457E800F934A8 /* edit_btn@2x.png */; };
		68F60F1219C457E800F934A8 /* play_btn.png in Resources */ = {isa = PBXBuildFile; fileRef = 68F60E9F19C457E800F934A8 /* play_btn.png */; };
		68F60F1319C457E800F934A8 /* play_btn@2x.png in Resources */ = {isa = PBXBuildFile; fileRef = 68F60EA019C457E800F934A8 /* play_btn@2x.png */; };
		68F60F1419C457E800F934A8 /* play_edit_btn.png in Resources */ = {isa = PBXBuildFile; fileRef = 68F60EA119C457E800F934A8 /* play_edit_btn.png */; };
		68F60F1519C457E800F934A8 /* play_edit_btn@2x.png in Resources */ = {isa = PBXBuildFile; fileRef = 68F60EA219C457E800F934A8 /* play_edit_btn@2x.png */; };
		68F60F1619C457E800F934A8 /* time.png in Resources */ = {isa = PBXBuildFile; fileRef = 68F60EA319C457E800F934A8 /* time.png */; };
		68F60F1719C457E800F934A8 /* time@2x.png in Resources */ = {isa = PBXBuildFile; fileRef = 68F60EA419C457E800F934A8 /* time@2x.png */; };
		68F60F1819C457E800F934A8 /* back.png in Resources */ = {isa = PBXBuildFile; fileRef = 68F60EA619C457E800F934A8 /* back.png */; };
		68F60F1919C457E800F934A8 /* back@2x.png in Resources */ = {isa = PBXBuildFile; fileRef = 68F60EA719C457E800F934A8 /* back@2x.png */; };
		68F60F1A19C457E800F934A8 /* bar_btn.png in Resources */ = {isa = PBXBuildFile; fileRef = 68F60EA819C457E800F934A8 /* bar_btn.png */; };
		68F60F1B19C457E800F934A8 /* bar_btn@2x.png in Resources */ = {isa = PBXBuildFile; fileRef = 68F60EA919C457E800F934A8 /* bar_btn@2x.png */; };
		68F60F1C19C457E800F934A8 /* home_choose_btn-.png in Resources */ = {isa = PBXBuildFile; fileRef = 68F60EAA19C457E800F934A8 /* home_choose_btn-.png */; };
		68F60F1D19C457E800F934A8 /* home_choose_btn-@2x.png in Resources */ = {isa = PBXBuildFile; fileRef = 68F60EAB19C457E800F934A8 /* home_choose_btn-@2x.png */; };
		68F60F1E19C457E800F934A8 /* home_choose_btn.png in Resources */ = {isa = PBXBuildFile; fileRef = 68F60EAC19C457E800F934A8 /* home_choose_btn.png */; };
		68F60F1F19C457E800F934A8 /* home_choose_btn@2x.png in Resources */ = {isa = PBXBuildFile; fileRef = 68F60EAD19C457E800F934A8 /* home_choose_btn@2x.png */; };
		68F60F2019C457E800F934A8 /* Next.png in Resources */ = {isa = PBXBuildFile; fileRef = 68F60EAE19C457E800F934A8 /* Next.png */; };
		68F60F2119C457E800F934A8 /* Next@2x.png in Resources */ = {isa = PBXBuildFile; fileRef = 68F60EAF19C457E800F934A8 /* Next@2x.png */; };
		68F60F2219C457E800F934A8 /* Video_btn.png in Resources */ = {isa = PBXBuildFile; fileRef = 68F60EB019C457E800F934A8 /* Video_btn.png */; };
		68F60F2319C457E800F934A8 /* Video_btn@2x.png in Resources */ = {isa = PBXBuildFile; fileRef = 68F60EB119C457E800F934A8 /* Video_btn@2x.png */; };
		68F60F2419C457E800F934A8 /* video_icon.png in Resources */ = {isa = PBXBuildFile; fileRef = 68F60EB219C457E800F934A8 /* video_icon.png */; };
		68F60F2519C457E800F934A8 /* video_icon@2x.png in Resources */ = {isa = PBXBuildFile; fileRef = 68F60EB319C457E800F934A8 /* video_icon@2x.png */; };
		68F60F2619C457E800F934A8 /* add_music.png in Resources */ = {isa = PBXBuildFile; fileRef = 68F60EB519C457E800F934A8 /* add_music.png */; };
		68F60F2719C457E800F934A8 /* add_music@2x.png in Resources */ = {isa = PBXBuildFile; fileRef = 68F60EB619C457E800F934A8 /* add_music@2x.png */; };
		68F60F2819C457E800F934A8 /* btn_add_music-.png in Resources */ = {isa = PBXBuildFile; fileRef = 68F60EB719C457E800F934A8 /* btn_add_music-.png */; };
		68F60F2919C457E800F934A8 /* btn_add_music-@2x.png in Resources */ = {isa = PBXBuildFile; fileRef = 68F60EB819C457E800F934A8 /* btn_add_music-@2x.png */; };
		68F60F2A19C457E800F934A8 /* btn_add_music.png in Resources */ = {isa = PBXBuildFile; fileRef = 68F60EB919C457E800F934A8 /* btn_add_music.png */; };
		68F60F2B19C457E800F934A8 /* btn_add_music@2x.png in Resources */ = {isa = PBXBuildFile; fileRef = 68F60EBA19C457E800F934A8 /* btn_add_music@2x.png */; };
		68F60F2C19C457E800F934A8 /* music.png in Resources */ = {isa = PBXBuildFile; fileRef = 68F60EBB19C457E800F934A8 /* music.png */; };
		68F60F2D19C457E800F934A8 /* music@2x.png in Resources */ = {isa = PBXBuildFile; fileRef = 68F60EBC19C457E800F934A8 /* music@2x.png */; };
		68F60F2E19C457E800F934A8 /* sound_btn.png in Resources */ = {isa = PBXBuildFile; fileRef = 68F60EBD19C457E800F934A8 /* sound_btn.png */; };
		68F60F2F19C457E800F934A8 /* sound_btn@2x.png in Resources */ = {isa = PBXBuildFile; fileRef = 68F60EBE19C457E800F934A8 /* sound_btn@2x.png */; };
		68F60F3019C457E800F934A8 /* sound_max.png in Resources */ = {isa = PBXBuildFile; fileRef = 68F60EBF19C457E800F934A8 /* sound_max.png */; };
		68F60F3119C457E800F934A8 /* sound_max@2x.png in Resources */ = {isa = PBXBuildFile; fileRef = 68F60EC019C457E800F934A8 /* sound_max@2x.png */; };
		68F60F3219C457E800F934A8 /* sound_mis.png in Resources */ = {isa = PBXBuildFile; fileRef = 68F60EC119C457E800F934A8 /* sound_mis.png */; };
		68F60F3319C457E800F934A8 /* sound_mis@2x.png in Resources */ = {isa = PBXBuildFile; fileRef = 68F60EC219C457E800F934A8 /* sound_mis@2x.png */; };
		68F60F3419C457E800F934A8 /* Pause.png in Resources */ = {isa = PBXBuildFile; fileRef = 68F60EC319C457E800F934A8 /* Pause.png */; };
		68F60F3519C457E800F934A8 /* Pause@2x.png in Resources */ = {isa = PBXBuildFile; fileRef = 68F60EC419C457E800F934A8 /* Pause@2x.png */; };
		68F60F3619C457E800F934A8 /* play.png in Resources */ = {isa = PBXBuildFile; fileRef = 68F60EC519C457E800F934A8 /* play.png */; };
		68F60F3719C457E800F934A8 /* play@2x.png in Resources */ = {isa = PBXBuildFile; fileRef = 68F60EC619C457E800F934A8 /* play@2x.png */; };
		68F60F3819C457E800F934A8 /* camera.png in Resources */ = {isa = PBXBuildFile; fileRef = 68F60EC819C457E800F934A8 /* camera.png */; };
		68F60F3919C457E800F934A8 /* camera@2x.png in Resources */ = {isa = PBXBuildFile; fileRef = 68F60EC919C457E800F934A8 /* camera@2x.png */; };
		68F60F3A19C457E800F934A8 /* delete-.png in Resources */ = {isa = PBXBuildFile; fileRef = 68F60ECA19C457E800F934A8 /* delete-.png */; };
		68F60F3B19C457E800F934A8 /* delete-@2x.png in Resources */ = {isa = PBXBuildFile; fileRef = 68F60ECB19C457E800F934A8 /* delete-@2x.png */; };
		68F60F3C19C457E800F934A8 /* delete.png in Resources */ = {isa = PBXBuildFile; fileRef = 68F60ECC19C457E800F934A8 /* delete.png */; };
		68F60F3D19C457E800F934A8 /* delete@2x.png in Resources */ = {isa = PBXBuildFile; fileRef = 68F60ECD19C457E800F934A8 /* delete@2x.png */; };
		68F60F3E19C457E800F934A8 /* delete_done.png in Resources */ = {isa = PBXBuildFile; fileRef = 68F60ECE19C457E800F934A8 /* delete_done.png */; };
		68F60F3F19C457E800F934A8 /* delete_done@2x.png in Resources */ = {isa = PBXBuildFile; fileRef = 68F60ECF19C457E800F934A8 /* delete_done@2x.png */; };
		68F60F4019C457E800F934A8 /* Cancle.png in Resources */ = {isa = PBXBuildFile; fileRef = 68F60ED119C457E800F934A8 /* Cancle.png */; };
		68F60F4119C457E800F934A8 /* Cancle@2x.png in Resources */ = {isa = PBXBuildFile; fileRef = 68F60ED219C457E800F934A8 /* Cancle@2x.png */; };
		68F60F4219C457E800F934A8 /* Email.png in Resources */ = {isa = PBXBuildFile; fileRef = 68F60ED319C457E800F934A8 /* Email.png */; };
		68F60F4319C457E800F934A8 /* Email@2x.png in Resources */ = {isa = PBXBuildFile; fileRef = 68F60ED419C457E800F934A8 /* Email@2x.png */; };
		68F60F4419C457E800F934A8 /* Facebook.png in Resources */ = {isa = PBXBuildFile; fileRef = 68F60ED519C457E800F934A8 /* Facebook.png */; };
		68F60F4519C457E800F934A8 /* Facebook@2x.png in Resources */ = {isa = PBXBuildFile; fileRef = 68F60ED619C457E800F934A8 /* Facebook@2x.png */; };
		68F60F4619C457E800F934A8 /* Instagram.png in Resources */ = {isa = PBXBuildFile; fileRef = 68F60ED719C457E800F934A8 /* Instagram.png */; };
		68F60F4719C457E800F934A8 /* Instagram@2x.png in Resources */ = {isa = PBXBuildFile; fileRef = 68F60ED819C457E800F934A8 /* Instagram@2x.png */; };
		68F60F4819C457E800F934A8 /* Other-Apps.png in Resources */ = {isa = PBXBuildFile; fileRef = 68F60ED919C457E800F934A8 /* Other-Apps.png */; };
		68F60F4919C457E800F934A8 /* Other-Apps@2x.png in Resources */ = {isa = PBXBuildFile; fileRef = 68F60EDA19C457E800F934A8 /* Other-Apps@2x.png */; };
		68F60F4A19C457E800F934A8 /* Save.png in Resources */ = {isa = PBXBuildFile; fileRef = 68F60EDB19C457E800F934A8 /* Save.png */; };
		68F60F4B19C457E800F934A8 /* Save@2x.png in Resources */ = {isa = PBXBuildFile; fileRef = 68F60EDC19C457E800F934A8 /* Save@2x.png */; };
		68F60F4C19C457E800F934A8 /* Twitter.png in Resources */ = {isa = PBXBuildFile; fileRef = 68F60EDD19C457E800F934A8 /* Twitter.png */; };
		68F60F4D19C457E800F934A8 /* Twitter@2x.png in Resources */ = {isa = PBXBuildFile; fileRef = 68F60EDE19C457E800F934A8 /* Twitter@2x.png */; };
		68F60F4E19C457E800F934A8 /* Vimeo.png in Resources */ = {isa = PBXBuildFile; fileRef = 68F60EDF19C457E800F934A8 /* Vimeo.png */; };
		68F60F4F19C457E800F934A8 /* Vimeo@2x.png in Resources */ = {isa = PBXBuildFile; fileRef = 68F60EE019C457E800F934A8 /* Vimeo@2x.png */; };
		68F60F5019C457E800F934A8 /* YouTube.png in Resources */ = {isa = PBXBuildFile; fileRef = 68F60EE119C457E800F934A8 /* YouTube.png */; };
		68F60F5119C457E800F934A8 /* YouTube@2x.png in Resources */ = {isa = PBXBuildFile; fileRef = 68F60EE219C457E800F934A8 /* YouTube@2x.png */; };
		68F60F5219C457E800F934A8 /* share.png in Resources */ = {isa = PBXBuildFile; fileRef = 68F60EE319C457E800F934A8 /* share.png */; };
		68F60F5319C457E800F934A8 /* share@2x.png in Resources */ = {isa = PBXBuildFile; fileRef = 68F60EE419C457E800F934A8 /* share@2x.png */; };
		68F60F5419C457E800F934A8 /* btn_creatne.png in Resources */ = {isa = PBXBuildFile; fileRef = 68F60EE619C457E800F934A8 /* btn_creatne.png */; };
		68F60F5519C457E800F934A8 /* btn_creatne@2x.png in Resources */ = {isa = PBXBuildFile; fileRef = 68F60EE719C457E800F934A8 /* btn_creatne@2x.png */; };
		68F60F5619C457E800F934A8 /* btn_holiday.png in Resources */ = {isa = PBXBuildFile; fileRef = 68F60EE819C457E800F934A8 /* btn_holiday.png */; };
		68F60F5719C457E800F934A8 /* btn_holiday@2x.png in Resources */ = {isa = PBXBuildFile; fileRef = 68F60EE919C457E800F934A8 /* btn_holiday@2x.png */; };
		68F60F5819C457E800F934A8 /* btn_lifestly.png in Resources */ = {isa = PBXBuildFile; fileRef = 68F60EEA19C457E800F934A8 /* btn_lifestly.png */; };
		68F60F5919C457E800F934A8 /* btn_lifestly@2x.png in Resources */ = {isa = PBXBuildFile; fileRef = 68F60EEB19C457E800F934A8 /* btn_lifestly@2x.png */; };
		68F60F5A19C457E800F934A8 /* btn_love.png in Resources */ = {isa = PBXBuildFile; fileRef = 68F60EEC19C457E800F934A8 /* btn_love.png */; };
		68F60F5B19C457E800F934A8 /* btn_love@2x.png in Resources */ = {isa = PBXBuildFile; fileRef = 68F60EED19C457E800F934A8 /* btn_love@2x.png */; };
		68F60F5C19C457E800F934A8 /* buy.png in Resources */ = {isa = PBXBuildFile; fileRef = 68F60EEE19C457E800F934A8 /* buy.png */; };
		68F60F5D19C457E800F934A8 /* buy@2x.png in Resources */ = {isa = PBXBuildFile; fileRef = 68F60EEF19C457E800F934A8 /* buy@2x.png */; };
		68F60F5E19C457E800F934A8 /* done.png in Resources */ = {isa = PBXBuildFile; fileRef = 68F60EF019C457E800F934A8 /* done.png */; };
		68F60F5F19C457E800F934A8 /* done@2x.png in Resources */ = {isa = PBXBuildFile; fileRef = 68F60EF119C457E800F934A8 /* done@2x.png */; };
		68F60F6019C457E800F934A8 /* fx_btn.png in Resources */ = {isa = PBXBuildFile; fileRef = 68F60EF219C457E800F934A8 /* fx_btn.png */; };
		68F60F6119C457E800F934A8 /* fx_btn@2x.png in Resources */ = {isa = PBXBuildFile; fileRef = 68F60EF319C457E800F934A8 /* fx_btn@2x.png */; };
		68F60F6219C457E800F934A8 /* restoe.png in Resources */ = {isa = PBXBuildFile; fileRef = 68F60EF419C457E800F934A8 /* restoe.png */; };
		68F60F6319C457E800F934A8 /* restoe@2x.png in Resources */ = {isa = PBXBuildFile; fileRef = 68F60EF519C457E800F934A8 /* restoe@2x.png */; };
		68F60F6419C457E800F934A8 /* store.png in Resources */ = {isa = PBXBuildFile; fileRef = 68F60EF619C457E800F934A8 /* store.png */; };
		68F60F6519C457E800F934A8 /* store@2x.png in Resources */ = {isa = PBXBuildFile; fileRef = 68F60EF719C457E800F934A8 /* store@2x.png */; };
		68F60F6619C457E800F934A8 /* title-page.png in Resources */ = {isa = PBXBuildFile; fileRef = 68F60EF819C457E800F934A8 /* title-page.png */; };
		68F60F6719C457E800F934A8 /* title-page@2x.png in Resources */ = {isa = PBXBuildFile; fileRef = 68F60EF919C457E800F934A8 /* title-page@2x.png */; };
		68F60F6819C457E800F934A8 /* title-page_btn.png in Resources */ = {isa = PBXBuildFile; fileRef = 68F60EFA19C457E800F934A8 /* title-page_btn.png */; };
		68F60F6919C457E800F934A8 /* title-page_btn@2x.png in Resources */ = {isa = PBXBuildFile; fileRef = 68F60EFB19C457E800F934A8 /* title-page_btn@2x.png */; };
/* End PBXBuildFile section */

/* Begin PBXContainerItemProxy section */
		68F60D6619C20ED400F934A8 /* PBXContainerItemProxy */ = {
			isa = PBXContainerItemProxy;
			containerPortal = 68F60D4419C20ED300F934A8 /* Project object */;
			proxyType = 1;
			remoteGlobalIDString = 68F60D4B19C20ED300F934A8;
			remoteInfo = InstaVideoLite;
		};
/* End PBXContainerItemProxy section */

/* Begin PBXFileReference section */
		2B1C9D8935374E6788C458A4 /* libPods-InstaVideoLite.a */ = {isa = PBXFileReference; explicitFileType = archive.ar; includeInIndex = 0; path = "libPods-InstaVideoLite.a"; sourceTree = BUILT_PRODUCTS_DIR; };
		68F60D4C19C20ED300F934A8 /* InstaVideoLite.app */ = {isa = PBXFileReference; explicitFileType = wrapper.application; includeInIndex = 0; path = InstaVideoLite.app; sourceTree = BUILT_PRODUCTS_DIR; };
		68F60D5019C20ED300F934A8 /* Info.plist */ = {isa = PBXFileReference; lastKnownFileType = text.plist.xml; path = Info.plist; sourceTree = "<group>"; };
		68F60D5119C20ED300F934A8 /* main.m */ = {isa = PBXFileReference; lastKnownFileType = sourcecode.c.objc; path = main.m; sourceTree = "<group>"; };
		68F60D5319C20ED300F934A8 /* AppDelegate.h */ = {isa = PBXFileReference; lastKnownFileType = sourcecode.c.h; path = AppDelegate.h; sourceTree = "<group>"; };
		68F60D5419C20ED300F934A8 /* AppDelegate.m */ = {isa = PBXFileReference; lastKnownFileType = sourcecode.c.objc; path = AppDelegate.m; sourceTree = "<group>"; };
		68F60D5A19C20ED300F934A8 /* Base */ = {isa = PBXFileReference; lastKnownFileType = file.storyboard; name = Base; path = Base.lproj/Main.storyboard; sourceTree = "<group>"; };
		68F60D5C19C20ED400F934A8 /* Images.xcassets */ = {isa = PBXFileReference; lastKnownFileType = folder.assetcatalog; path = Images.xcassets; sourceTree = "<group>"; };
		68F60D5F19C20ED400F934A8 /* Base */ = {isa = PBXFileReference; lastKnownFileType = file.xib; name = Base; path = Base.lproj/LaunchScreen.xib; sourceTree = "<group>"; };
		68F60D6519C20ED400F934A8 /* InstaVideoLiteTests.xctest */ = {isa = PBXFileReference; explicitFileType = wrapper.cfbundle; includeInIndex = 0; path = InstaVideoLiteTests.xctest; sourceTree = BUILT_PRODUCTS_DIR; };
		68F60D6A19C20ED400F934A8 /* Info.plist */ = {isa = PBXFileReference; lastKnownFileType = text.plist.xml; path = Info.plist; sourceTree = "<group>"; };
		68F60D6B19C20ED400F934A8 /* InstaVideoLiteTests.m */ = {isa = PBXFileReference; lastKnownFileType = sourcecode.c.objc; path = InstaVideoLiteTests.m; sourceTree = "<group>"; };
		68F60D7B19C20F5F00F934A8 /* 4inch_5.png */ = {isa = PBXFileReference; lastKnownFileType = image.png; path = 4inch_5.png; sourceTree = "<group>"; };
		68F60D7C19C20F5F00F934A8 /* 4inch_6.png */ = {isa = PBXFileReference; lastKnownFileType = image.png; path = 4inch_6.png; sourceTree = "<group>"; };
		68F60D7D19C20F5F00F934A8 /* 4inch_6a.png */ = {isa = PBXFileReference; lastKnownFileType = image.png; path = 4inch_6a.png; sourceTree = "<group>"; };
		68F60D7E19C20F5F00F934A8 /* 4inch_7a.png */ = {isa = PBXFileReference; lastKnownFileType = image.png; path = 4inch_7a.png; sourceTree = "<group>"; };
		68F60D7F19C20F5F00F934A8 /* 4inch_7b.png */ = {isa = PBXFileReference; lastKnownFileType = image.png; path = 4inch_7b.png; sourceTree = "<group>"; };
		68F60D8019C20F5F00F934A8 /* 4inch_7c.png */ = {isa = PBXFileReference; lastKnownFileType = image.png; path = 4inch_7c.png; sourceTree = "<group>"; };
		68F60D8119C20F5F00F934A8 /* 4inch_7d.png */ = {isa = PBXFileReference; lastKnownFileType = image.png; path = 4inch_7d.png; sourceTree = "<group>"; };
		68F60D8219C20F5F00F934A8 /* 4inch_8.png */ = {isa = PBXFileReference; lastKnownFileType = image.png; path = 4inch_8.png; sourceTree = "<group>"; };
		68F60D8319C20F5F00F934A8 /* 4inch_9.png */ = {isa = PBXFileReference; lastKnownFileType = image.png; path = 4inch_9.png; sourceTree = "<group>"; };
		68F60D8D19C20FCB00F934A8 /* 4inch_1.png */ = {isa = PBXFileReference; lastKnownFileType = image.png; path = 4inch_1.png; sourceTree = "<group>"; };
		68F60D8E19C20FCB00F934A8 /* 4inch_2.png */ = {isa = PBXFileReference; lastKnownFileType = image.png; path = 4inch_2.png; sourceTree = "<group>"; };
		68F60D8F19C20FCB00F934A8 /* 4inch_3.png */ = {isa = PBXFileReference; lastKnownFileType = image.png; path = 4inch_3.png; sourceTree = "<group>"; };
		68F60D9019C20FCB00F934A8 /* 4inch_4.png */ = {isa = PBXFileReference; lastKnownFileType = image.png; path = 4inch_4.png; sourceTree = "<group>"; };
		68F60D9B19C28B1000F934A8 /* ILEditorViewController.h */ = {isa = PBXFileReference; fileEncoding = 4; lastKnownFileType = sourcecode.c.h; path = ILEditorViewController.h; sourceTree = "<group>"; };
		68F60D9C19C28B1000F934A8 /* ILEditorViewController.m */ = {isa = PBXFileReference; fileEncoding = 4; lastKnownFileType = sourcecode.c.objc; path = ILEditorViewController.m; sourceTree = "<group>"; };
		68F60DA119C28D1500F934A8 /* ILClipDockView.h */ = {isa = PBXFileReference; fileEncoding = 4; lastKnownFileType = sourcecode.c.h; path = ILClipDockView.h; sourceTree = "<group>"; };
		68F60DA219C28D1500F934A8 /* ILClipDockView.m */ = {isa = PBXFileReference; fileEncoding = 4; lastKnownFileType = sourcecode.c.objc; path = ILClipDockView.m; sourceTree = "<group>"; };
		68F60DA419C28FBD00F934A8 /* jerryfish.m4v */ = {isa = PBXFileReference; lastKnownFileType = file; path = jerryfish.m4v; sourceTree = "<group>"; };
		68F60DA619C28FBD00F934A8 /* skateboarding.m4v */ = {isa = PBXFileReference; lastKnownFileType = file; path = skateboarding.m4v; sourceTree = "<group>"; };
		68F60DAA19C296AD00F934A8 /* ILPlayerManager.h */ = {isa = PBXFileReference; fileEncoding = 4; lastKnownFileType = sourcecode.c.h; path = ILPlayerManager.h; sourceTree = "<group>"; };
		68F60DAB19C296AD00F934A8 /* ILPlayerManager.m */ = {isa = PBXFileReference; fileEncoding = 4; lastKnownFileType = sourcecode.c.objc; path = ILPlayerManager.m; sourceTree = "<group>"; };
		68F60DAD19C29EB600F934A8 /* ILCommon.h */ = {isa = PBXFileReference; fileEncoding = 4; lastKnownFileType = sourcecode.c.h; path = ILCommon.h; sourceTree = "<group>"; };
		68F60DAE19C29EB600F934A8 /* ILCommon.m */ = {isa = PBXFileReference; fileEncoding = 4; lastKnownFileType = sourcecode.c.objc; path = ILCommon.m; sourceTree = "<group>"; };
		68F60DB019C29F2300F934A8 /* ILPreDefine.h */ = {isa = PBXFileReference; fileEncoding = 4; lastKnownFileType = sourcecode.c.h; path = ILPreDefine.h; sourceTree = "<group>"; };
		68F60DB719C2CCDC00F934A8 /* instavideo.xcdatamodel */ = {isa = PBXFileReference; lastKnownFileType = wrapper.xcdatamodel; path = instavideo.xcdatamodel; sourceTree = "<group>"; };
		68F60DB919C2ECAA00F934A8 /* ILCameraViewController.h */ = {isa = PBXFileReference; fileEncoding = 4; lastKnownFileType = sourcecode.c.h; path = ILCameraViewController.h; sourceTree = "<group>"; };
		68F60DBA19C2ECAA00F934A8 /* ILCameraViewController.m */ = {isa = PBXFileReference; fileEncoding = 4; lastKnownFileType = sourcecode.c.objc; path = ILCameraViewController.m; sourceTree = "<group>"; };
		68F60DBC19C2EF5100F934A8 /* ILPhotosViewController.h */ = {isa = PBXFileReference; fileEncoding = 4; lastKnownFileType = sourcecode.c.h; path = ILPhotosViewController.h; sourceTree = "<group>"; };
		68F60DBD19C2EF5100F934A8 /* ILPhotosViewController.m */ = {isa = PBXFileReference; fileEncoding = 4; lastKnownFileType = sourcecode.c.objc; path = ILPhotosViewController.m; sourceTree = "<group>"; };
		68F60DBE19C2EF5100F934A8 /* ILPhotosViewController.xib */ = {isa = PBXFileReference; fileEncoding = 4; lastKnownFileType = file.xib; path = ILPhotosViewController.xib; sourceTree = "<group>"; };
		68F60DC219C2FF5C00F934A8 /* ILPhotoCell.h */ = {isa = PBXFileReference; fileEncoding = 4; lastKnownFileType = sourcecode.c.h; path = ILPhotoCell.h; sourceTree = "<group>"; };
		68F60DC319C2FF5C00F934A8 /* ILPhotoCell.m */ = {isa = PBXFileReference; fileEncoding = 4; lastKnownFileType = sourcecode.c.objc; path = ILPhotoCell.m; sourceTree = "<group>"; };
		68F60DC419C2FF5C00F934A8 /* ILPhotoCell.xib */ = {isa = PBXFileReference; fileEncoding = 4; lastKnownFileType = file.xib; path = ILPhotoCell.xib; sourceTree = "<group>"; };
		68F60E8119C3DD6B00F934A8 /* ILNavBarView.h */ = {isa = PBXFileReference; fileEncoding = 4; lastKnownFileType = sourcecode.c.h; path = ILNavBarView.h; sourceTree = "<group>"; };
		68F60E8219C3DD6B00F934A8 /* ILNavBarView.m */ = {isa = PBXFileReference; fileEncoding = 4; lastKnownFileType = sourcecode.c.objc; path = ILNavBarView.m; sourceTree = "<group>"; };
		68F60E8419C42A5400F934A8 /* ILDataStore.h */ = {isa = PBXFileReference; fileEncoding = 4; lastKnownFileType = sourcecode.c.h; path = ILDataStore.h; sourceTree = "<group>"; };
		68F60E8519C42A5400F934A8 /* ILDataStore.m */ = {isa = PBXFileReference; fileEncoding = 4; lastKnownFileType = sourcecode.c.objc; path = ILDataStore.m; sourceTree = "<group>"; };
		68F60E8919C457E800F934A8 /* add_video.png */ = {isa = PBXFileReference; lastKnownFileType = image.png; path = add_video.png; sourceTree = "<group>"; };
		68F60E8A19C457E800F934A8 /* add_video@2x.png */ = {isa = PBXFileReference; lastKnownFileType = image.png; path = "add_video@2x.png"; sourceTree = "<group>"; };
		68F60E8B19C457E800F934A8 /* bk_bar.png */ = {isa = PBXFileReference; lastKnownFileType = image.png; path = bk_bar.png; sourceTree = "<group>"; };
		68F60E8C19C457E800F934A8 /* bk_bar@2x.png */ = {isa = PBXFileReference; lastKnownFileType = image.png; path = "bk_bar@2x.png"; sourceTree = "<group>"; };
		68F60E8D19C457E800F934A8 /* bk_btn.png */ = {isa = PBXFileReference; lastKnownFileType = image.png; path = bk_btn.png; sourceTree = "<group>"; };
		68F60E8E19C457E800F934A8 /* bk_btn@2x.png */ = {isa = PBXFileReference; lastKnownFileType = image.png; path = "bk_btn@2x.png"; sourceTree = "<group>"; };
		68F60E8F19C457E800F934A8 /* blue_btn.png */ = {isa = PBXFileReference; lastKnownFileType = image.png; path = blue_btn.png; sourceTree = "<group>"; };
		68F60E9019C457E800F934A8 /* blue_btn@2x.png */ = {isa = PBXFileReference; lastKnownFileType = image.png; path = "blue_btn@2x.png"; sourceTree = "<group>"; };
		68F60E9119C457E800F934A8 /* compose_big_.png */ = {isa = PBXFileReference; lastKnownFileType = image.png; path = compose_big_.png; sourceTree = "<group>"; };
		68F60E9219C457E800F934A8 /* compose_big_btn@2x.png */ = {isa = PBXFileReference; lastKnownFileType = image.png; path = "compose_big_btn@2x.png"; sourceTree = "<group>"; };
		68F60E9319C457E800F934A8 /* compose_btn.png */ = {isa = PBXFileReference; lastKnownFileType = image.png; path = compose_btn.png; sourceTree = "<group>"; };
		68F60E9419C457E800F934A8 /* compose_btn@2x.png */ = {isa = PBXFileReference; lastKnownFileType = image.png; path = "compose_btn@2x.png"; sourceTree = "<group>"; };
		68F60E9519C457E800F934A8 /* compose_crop.png */ = {isa = PBXFileReference; lastKnownFileType = image.png; path = compose_crop.png; sourceTree = "<group>"; };
		68F60E9619C457E800F934A8 /* compose_crop@2x.png */ = {isa = PBXFileReference; lastKnownFileType = image.png; path = "compose_crop@2x.png"; sourceTree = "<group>"; };
		68F60E9719C457E800F934A8 /* compose_delete.png */ = {isa = PBXFileReference; lastKnownFileType = image.png; path = compose_delete.png; sourceTree = "<group>"; };
		68F60E9819C457E800F934A8 /* compose_delete@2x.png */ = {isa = PBXFileReference; lastKnownFileType = image.png; path = "compose_delete@2x.png"; sourceTree = "<group>"; };
		68F60E9919C457E800F934A8 /* compose_fx.png */ = {isa = PBXFileReference; lastKnownFileType = image.png; path = compose_fx.png; sourceTree = "<group>"; };
		68F60E9A19C457E800F934A8 /* compose_fx@2x.png */ = {isa = PBXFileReference; lastKnownFileType = image.png; path = "compose_fx@2x.png"; sourceTree = "<group>"; };
		68F60E9B19C457E800F934A8 /* compose_small_btn.png */ = {isa = PBXFileReference; lastKnownFileType = image.png; path = compose_small_btn.png; sourceTree = "<group>"; };
		68F60E9C19C457E800F934A8 /* compose_small_btn@2x.png */ = {isa = PBXFileReference; lastKnownFileType = image.png; path = "compose_small_btn@2x.png"; sourceTree = "<group>"; };
		68F60E9D19C457E800F934A8 /* edit_btn.png */ = {isa = PBXFileReference; lastKnownFileType = image.png; path = edit_btn.png; sourceTree = "<group>"; };
		68F60E9E19C457E800F934A8 /* edit_btn@2x.png */ = {isa = PBXFileReference; lastKnownFileType = image.png; path = "edit_btn@2x.png"; sourceTree = "<group>"; };
		68F60E9F19C457E800F934A8 /* play_btn.png */ = {isa = PBXFileReference; lastKnownFileType = image.png; path = play_btn.png; sourceTree = "<group>"; };
		68F60EA019C457E800F934A8 /* play_btn@2x.png */ = {isa = PBXFileReference; lastKnownFileType = image.png; path = "play_btn@2x.png"; sourceTree = "<group>"; };
		68F60EA119C457E800F934A8 /* play_edit_btn.png */ = {isa = PBXFileReference; lastKnownFileType = image.png; path = play_edit_btn.png; sourceTree = "<group>"; };
		68F60EA219C457E800F934A8 /* play_edit_btn@2x.png */ = {isa = PBXFileReference; lastKnownFileType = image.png; path = "play_edit_btn@2x.png"; sourceTree = "<group>"; };
		68F60EA319C457E800F934A8 /* time.png */ = {isa = PBXFileReference; lastKnownFileType = image.png; path = time.png; sourceTree = "<group>"; };
		68F60EA419C457E800F934A8 /* time@2x.png */ = {isa = PBXFileReference; lastKnownFileType = image.png; path = "time@2x.png"; sourceTree = "<group>"; };
		68F60EA619C457E800F934A8 /* back.png */ = {isa = PBXFileReference; lastKnownFileType = image.png; path = back.png; sourceTree = "<group>"; };
		68F60EA719C457E800F934A8 /* back@2x.png */ = {isa = PBXFileReference; lastKnownFileType = image.png; path = "back@2x.png"; sourceTree = "<group>"; };
		68F60EA819C457E800F934A8 /* bar_btn.png */ = {isa = PBXFileReference; lastKnownFileType = image.png; path = bar_btn.png; sourceTree = "<group>"; };
		68F60EA919C457E800F934A8 /* bar_btn@2x.png */ = {isa = PBXFileReference; lastKnownFileType = image.png; path = "bar_btn@2x.png"; sourceTree = "<group>"; };
		68F60EAA19C457E800F934A8 /* home_choose_btn-.png */ = {isa = PBXFileReference; lastKnownFileType = image.png; path = "home_choose_btn-.png"; sourceTree = "<group>"; };
		68F60EAB19C457E800F934A8 /* home_choose_btn-@2x.png */ = {isa = PBXFileReference; lastKnownFileType = image.png; path = "home_choose_btn-@2x.png"; sourceTree = "<group>"; };
		68F60EAC19C457E800F934A8 /* home_choose_btn.png */ = {isa = PBXFileReference; lastKnownFileType = image.png; path = home_choose_btn.png; sourceTree = "<group>"; };
		68F60EAD19C457E800F934A8 /* home_choose_btn@2x.png */ = {isa = PBXFileReference; lastKnownFileType = image.png; path = "home_choose_btn@2x.png"; sourceTree = "<group>"; };
		68F60EAE19C457E800F934A8 /* Next.png */ = {isa = PBXFileReference; lastKnownFileType = image.png; path = Next.png; sourceTree = "<group>"; };
		68F60EAF19C457E800F934A8 /* Next@2x.png */ = {isa = PBXFileReference; lastKnownFileType = image.png; path = "Next@2x.png"; sourceTree = "<group>"; };
		68F60EB019C457E800F934A8 /* Video_btn.png */ = {isa = PBXFileReference; lastKnownFileType = image.png; path = Video_btn.png; sourceTree = "<group>"; };
		68F60EB119C457E800F934A8 /* Video_btn@2x.png */ = {isa = PBXFileReference; lastKnownFileType = image.png; path = "Video_btn@2x.png"; sourceTree = "<group>"; };
		68F60EB219C457E800F934A8 /* video_icon.png */ = {isa = PBXFileReference; lastKnownFileType = image.png; path = video_icon.png; sourceTree = "<group>"; };
		68F60EB319C457E800F934A8 /* video_icon@2x.png */ = {isa = PBXFileReference; lastKnownFileType = image.png; path = "video_icon@2x.png"; sourceTree = "<group>"; };
		68F60EB519C457E800F934A8 /* add_music.png */ = {isa = PBXFileReference; lastKnownFileType = image.png; path = add_music.png; sourceTree = "<group>"; };
		68F60EB619C457E800F934A8 /* add_music@2x.png */ = {isa = PBXFileReference; lastKnownFileType = image.png; path = "add_music@2x.png"; sourceTree = "<group>"; };
		68F60EB719C457E800F934A8 /* btn_add_music-.png */ = {isa = PBXFileReference; lastKnownFileType = image.png; path = "btn_add_music-.png"; sourceTree = "<group>"; };
		68F60EB819C457E800F934A8 /* btn_add_music-@2x.png */ = {isa = PBXFileReference; lastKnownFileType = image.png; path = "btn_add_music-@2x.png"; sourceTree = "<group>"; };
		68F60EB919C457E800F934A8 /* btn_add_music.png */ = {isa = PBXFileReference; lastKnownFileType = image.png; path = btn_add_music.png; sourceTree = "<group>"; };
		68F60EBA19C457E800F934A8 /* btn_add_music@2x.png */ = {isa = PBXFileReference; lastKnownFileType = image.png; path = "btn_add_music@2x.png"; sourceTree = "<group>"; };
		68F60EBB19C457E800F934A8 /* music.png */ = {isa = PBXFileReference; lastKnownFileType = image.png; path = music.png; sourceTree = "<group>"; };
		68F60EBC19C457E800F934A8 /* music@2x.png */ = {isa = PBXFileReference; lastKnownFileType = image.png; path = "music@2x.png"; sourceTree = "<group>"; };
		68F60EBD19C457E800F934A8 /* sound_btn.png */ = {isa = PBXFileReference; lastKnownFileType = image.png; path = sound_btn.png; sourceTree = "<group>"; };
		68F60EBE19C457E800F934A8 /* sound_btn@2x.png */ = {isa = PBXFileReference; lastKnownFileType = image.png; path = "sound_btn@2x.png"; sourceTree = "<group>"; };
		68F60EBF19C457E800F934A8 /* sound_max.png */ = {isa = PBXFileReference; lastKnownFileType = image.png; path = sound_max.png; sourceTree = "<group>"; };
		68F60EC019C457E800F934A8 /* sound_max@2x.png */ = {isa = PBXFileReference; lastKnownFileType = image.png; path = "sound_max@2x.png"; sourceTree = "<group>"; };
		68F60EC119C457E800F934A8 /* sound_mis.png */ = {isa = PBXFileReference; lastKnownFileType = image.png; path = sound_mis.png; sourceTree = "<group>"; };
		68F60EC219C457E800F934A8 /* sound_mis@2x.png */ = {isa = PBXFileReference; lastKnownFileType = image.png; path = "sound_mis@2x.png"; sourceTree = "<group>"; };
		68F60EC319C457E800F934A8 /* Pause.png */ = {isa = PBXFileReference; lastKnownFileType = image.png; path = Pause.png; sourceTree = "<group>"; };
		68F60EC419C457E800F934A8 /* Pause@2x.png */ = {isa = PBXFileReference; lastKnownFileType = image.png; path = "Pause@2x.png"; sourceTree = "<group>"; };
		68F60EC519C457E800F934A8 /* play.png */ = {isa = PBXFileReference; lastKnownFileType = image.png; path = play.png; sourceTree = "<group>"; };
		68F60EC619C457E800F934A8 /* play@2x.png */ = {isa = PBXFileReference; lastKnownFileType = image.png; path = "play@2x.png"; sourceTree = "<group>"; };
		68F60EC819C457E800F934A8 /* camera.png */ = {isa = PBXFileReference; lastKnownFileType = image.png; path = camera.png; sourceTree = "<group>"; };
		68F60EC919C457E800F934A8 /* camera@2x.png */ = {isa = PBXFileReference; lastKnownFileType = image.png; path = "camera@2x.png"; sourceTree = "<group>"; };
		68F60ECA19C457E800F934A8 /* delete-.png */ = {isa = PBXFileReference; lastKnownFileType = image.png; path = "delete-.png"; sourceTree = "<group>"; };
		68F60ECB19C457E800F934A8 /* delete-@2x.png */ = {isa = PBXFileReference; lastKnownFileType = image.png; path = "delete-@2x.png"; sourceTree = "<group>"; };
		68F60ECC19C457E800F934A8 /* delete.png */ = {isa = PBXFileReference; lastKnownFileType = image.png; path = delete.png; sourceTree = "<group>"; };
		68F60ECD19C457E800F934A8 /* delete@2x.png */ = {isa = PBXFileReference; lastKnownFileType = image.png; path = "delete@2x.png"; sourceTree = "<group>"; };
		68F60ECE19C457E800F934A8 /* delete_done.png */ = {isa = PBXFileReference; lastKnownFileType = image.png; path = delete_done.png; sourceTree = "<group>"; };
		68F60ECF19C457E800F934A8 /* delete_done@2x.png */ = {isa = PBXFileReference; lastKnownFileType = image.png; path = "delete_done@2x.png"; sourceTree = "<group>"; };
		68F60ED119C457E800F934A8 /* Cancle.png */ = {isa = PBXFileReference; lastKnownFileType = image.png; path = Cancle.png; sourceTree = "<group>"; };
		68F60ED219C457E800F934A8 /* Cancle@2x.png */ = {isa = PBXFileReference; lastKnownFileType = image.png; path = "Cancle@2x.png"; sourceTree = "<group>"; };
		68F60ED319C457E800F934A8 /* Email.png */ = {isa = PBXFileReference; lastKnownFileType = image.png; path = Email.png; sourceTree = "<group>"; };
		68F60ED419C457E800F934A8 /* Email@2x.png */ = {isa = PBXFileReference; lastKnownFileType = image.png; path = "Email@2x.png"; sourceTree = "<group>"; };
		68F60ED519C457E800F934A8 /* Facebook.png */ = {isa = PBXFileReference; lastKnownFileType = image.png; path = Facebook.png; sourceTree = "<group>"; };
		68F60ED619C457E800F934A8 /* Facebook@2x.png */ = {isa = PBXFileReference; lastKnownFileType = image.png; path = "Facebook@2x.png"; sourceTree = "<group>"; };
		68F60ED719C457E800F934A8 /* Instagram.png */ = {isa = PBXFileReference; lastKnownFileType = image.png; path = Instagram.png; sourceTree = "<group>"; };
		68F60ED819C457E800F934A8 /* Instagram@2x.png */ = {isa = PBXFileReference; lastKnownFileType = image.png; path = "Instagram@2x.png"; sourceTree = "<group>"; };
		68F60ED919C457E800F934A8 /* Other-Apps.png */ = {isa = PBXFileReference; lastKnownFileType = image.png; path = "Other-Apps.png"; sourceTree = "<group>"; };
		68F60EDA19C457E800F934A8 /* Other-Apps@2x.png */ = {isa = PBXFileReference; lastKnownFileType = image.png; path = "Other-Apps@2x.png"; sourceTree = "<group>"; };
		68F60EDB19C457E800F934A8 /* Save.png */ = {isa = PBXFileReference; lastKnownFileType = image.png; path = Save.png; sourceTree = "<group>"; };
		68F60EDC19C457E800F934A8 /* Save@2x.png */ = {isa = PBXFileReference; lastKnownFileType = image.png; path = "Save@2x.png"; sourceTree = "<group>"; };
		68F60EDD19C457E800F934A8 /* Twitter.png */ = {isa = PBXFileReference; lastKnownFileType = image.png; path = Twitter.png; sourceTree = "<group>"; };
		68F60EDE19C457E800F934A8 /* Twitter@2x.png */ = {isa = PBXFileReference; lastKnownFileType = image.png; path = "Twitter@2x.png"; sourceTree = "<group>"; };
		68F60EDF19C457E800F934A8 /* Vimeo.png */ = {isa = PBXFileReference; lastKnownFileType = image.png; path = Vimeo.png; sourceTree = "<group>"; };
		68F60EE019C457E800F934A8 /* Vimeo@2x.png */ = {isa = PBXFileReference; lastKnownFileType = image.png; path = "Vimeo@2x.png"; sourceTree = "<group>"; };
		68F60EE119C457E800F934A8 /* YouTube.png */ = {isa = PBXFileReference; lastKnownFileType = image.png; path = YouTube.png; sourceTree = "<group>"; };
		68F60EE219C457E800F934A8 /* YouTube@2x.png */ = {isa = PBXFileReference; lastKnownFileType = image.png; path = "YouTube@2x.png"; sourceTree = "<group>"; };
		68F60EE319C457E800F934A8 /* share.png */ = {isa = PBXFileReference; lastKnownFileType = image.png; path = share.png; sourceTree = "<group>"; };
		68F60EE419C457E800F934A8 /* share@2x.png */ = {isa = PBXFileReference; lastKnownFileType = image.png; path = "share@2x.png"; sourceTree = "<group>"; };
		68F60EE619C457E800F934A8 /* btn_creatne.png */ = {isa = PBXFileReference; lastKnownFileType = image.png; path = btn_creatne.png; sourceTree = "<group>"; };
		68F60EE719C457E800F934A8 /* btn_creatne@2x.png */ = {isa = PBXFileReference; lastKnownFileType = image.png; path = "btn_creatne@2x.png"; sourceTree = "<group>"; };
		68F60EE819C457E800F934A8 /* btn_holiday.png */ = {isa = PBXFileReference; lastKnownFileType = image.png; path = btn_holiday.png; sourceTree = "<group>"; };
		68F60EE919C457E800F934A8 /* btn_holiday@2x.png */ = {isa = PBXFileReference; lastKnownFileType = image.png; path = "btn_holiday@2x.png"; sourceTree = "<group>"; };
		68F60EEA19C457E800F934A8 /* btn_lifestly.png */ = {isa = PBXFileReference; lastKnownFileType = image.png; path = btn_lifestly.png; sourceTree = "<group>"; };
		68F60EEB19C457E800F934A8 /* btn_lifestly@2x.png */ = {isa = PBXFileReference; lastKnownFileType = image.png; path = "btn_lifestly@2x.png"; sourceTree = "<group>"; };
		68F60EEC19C457E800F934A8 /* btn_love.png */ = {isa = PBXFileReference; lastKnownFileType = image.png; path = btn_love.png; sourceTree = "<group>"; };
		68F60EED19C457E800F934A8 /* btn_love@2x.png */ = {isa = PBXFileReference; lastKnownFileType = image.png; path = "btn_love@2x.png"; sourceTree = "<group>"; };
		68F60EEE19C457E800F934A8 /* buy.png */ = {isa = PBXFileReference; lastKnownFileType = image.png; path = buy.png; sourceTree = "<group>"; };
		68F60EEF19C457E800F934A8 /* buy@2x.png */ = {isa = PBXFileReference; lastKnownFileType = image.png; path = "buy@2x.png"; sourceTree = "<group>"; };
		68F60EF019C457E800F934A8 /* done.png */ = {isa = PBXFileReference; lastKnownFileType = image.png; path = done.png; sourceTree = "<group>"; };
		68F60EF119C457E800F934A8 /* done@2x.png */ = {isa = PBXFileReference; lastKnownFileType = image.png; path = "done@2x.png"; sourceTree = "<group>"; };
		68F60EF219C457E800F934A8 /* fx_btn.png */ = {isa = PBXFileReference; lastKnownFileType = image.png; path = fx_btn.png; sourceTree = "<group>"; };
		68F60EF319C457E800F934A8 /* fx_btn@2x.png */ = {isa = PBXFileReference; lastKnownFileType = image.png; path = "fx_btn@2x.png"; sourceTree = "<group>"; };
		68F60EF419C457E800F934A8 /* restoe.png */ = {isa = PBXFileReference; lastKnownFileType = image.png; path = restoe.png; sourceTree = "<group>"; };
		68F60EF519C457E800F934A8 /* restoe@2x.png */ = {isa = PBXFileReference; lastKnownFileType = image.png; path = "restoe@2x.png"; sourceTree = "<group>"; };
		68F60EF619C457E800F934A8 /* store.png */ = {isa = PBXFileReference; lastKnownFileType = image.png; path = store.png; sourceTree = "<group>"; };
		68F60EF719C457E800F934A8 /* store@2x.png */ = {isa = PBXFileReference; lastKnownFileType = image.png; path = "store@2x.png"; sourceTree = "<group>"; };
		68F60EF819C457E800F934A8 /* title-page.png */ = {isa = PBXFileReference; lastKnownFileType = image.png; path = "title-page.png"; sourceTree = "<group>"; };
		68F60EF919C457E800F934A8 /* title-page@2x.png */ = {isa = PBXFileReference; lastKnownFileType = image.png; path = "title-page@2x.png"; sourceTree = "<group>"; };
		68F60EFA19C457E800F934A8 /* title-page_btn.png */ = {isa = PBXFileReference; lastKnownFileType = image.png; path = "title-page_btn.png"; sourceTree = "<group>"; };
		68F60EFB19C457E800F934A8 /* title-page_btn@2x.png */ = {isa = PBXFileReference; lastKnownFileType = image.png; path = "title-page_btn@2x.png"; sourceTree = "<group>"; };
		BC32C2C6B22F40ED9A554C59 /* Pods-InstaVideoLite.xcconfig */ = {isa = PBXFileReference; includeInIndex = 1; lastKnownFileType = text.xcconfig; name = "Pods-InstaVideoLite.xcconfig"; path = "Pods/Pods-InstaVideoLite.xcconfig"; sourceTree = "<group>"; };
/* End PBXFileReference section */

/* Begin PBXFrameworksBuildPhase section */
		68F60D4919C20ED300F934A8 /* Frameworks */ = {
			isa = PBXFrameworksBuildPhase;
			buildActionMask = 2147483647;
			files = (
				15A9113C9DB14C888B2F82D1 /* libPods-InstaVideoLite.a in Frameworks */,
			);
			runOnlyForDeploymentPostprocessing = 0;
		};
		68F60D6219C20ED400F934A8 /* Frameworks */ = {
			isa = PBXFrameworksBuildPhase;
			buildActionMask = 2147483647;
			files = (
			);
			runOnlyForDeploymentPostprocessing = 0;
		};
/* End PBXFrameworksBuildPhase section */

/* Begin PBXGroup section */
		11D7045F093942A1A9B4600A /* Frameworks */ = {
			isa = PBXGroup;
			children = (
				2B1C9D8935374E6788C458A4 /* libPods-InstaVideoLite.a */,
			);
			name = Frameworks;
			sourceTree = "<group>";
		};
		68F60D4319C20ED300F934A8 = {
			isa = PBXGroup;
			children = (
				68F60D4E19C20ED300F934A8 /* InstaVideoLite */,
				68F60D6819C20ED400F934A8 /* InstaVideoLiteTests */,
				68F60D4D19C20ED300F934A8 /* Products */,
				BC32C2C6B22F40ED9A554C59 /* Pods-InstaVideoLite.xcconfig */,
				11D7045F093942A1A9B4600A /* Frameworks */,
			);
			sourceTree = "<group>";
		};
		68F60D4D19C20ED300F934A8 /* Products */ = {
			isa = PBXGroup;
			children = (
				68F60D4C19C20ED300F934A8 /* InstaVideoLite.app */,
				68F60D6519C20ED400F934A8 /* InstaVideoLiteTests.xctest */,
			);
			name = Products;
			sourceTree = "<group>";
		};
		68F60D4E19C20ED300F934A8 /* InstaVideoLite */ = {
			isa = PBXGroup;
			children = (
				68F60D8D19C20FCB00F934A8 /* 4inch_1.png */,
				68F60D8E19C20FCB00F934A8 /* 4inch_2.png */,
				68F60D8F19C20FCB00F934A8 /* 4inch_3.png */,
				68F60D9019C20FCB00F934A8 /* 4inch_4.png */,
				68F60D7B19C20F5F00F934A8 /* 4inch_5.png */,
				68F60D7C19C20F5F00F934A8 /* 4inch_6.png */,
				68F60D7D19C20F5F00F934A8 /* 4inch_6a.png */,
				68F60D7E19C20F5F00F934A8 /* 4inch_7a.png */,
				68F60D7F19C20F5F00F934A8 /* 4inch_7b.png */,
				68F60D8019C20F5F00F934A8 /* 4inch_7c.png */,
				68F60D8119C20F5F00F934A8 /* 4inch_7d.png */,
				68F60D8219C20F5F00F934A8 /* 4inch_8.png */,
				68F60D8319C20F5F00F934A8 /* 4inch_9.png */,
				68F60D5319C20ED300F934A8 /* AppDelegate.h */,
				68F60D5419C20ED300F934A8 /* AppDelegate.m */,
				68F60D5919C20ED300F934A8 /* Main.storyboard */,
				68F60D5C19C20ED400F934A8 /* Images.xcassets */,
				68F60D5E19C20ED400F934A8 /* LaunchScreen.xib */,
				68F60D7519C20F3300F934A8 /* Resources */,
				68F60D4F19C20ED300F934A8 /* Supporting Files */,
			);
			path = InstaVideoLite;
			sourceTree = "<group>";
		};
		68F60D4F19C20ED300F934A8 /* Supporting Files */ = {
			isa = PBXGroup;
			children = (
				68F60D5019C20ED300F934A8 /* Info.plist */,
				68F60D5119C20ED300F934A8 /* main.m */,
			);
			name = "Supporting Files";
			sourceTree = "<group>";
		};
		68F60D6819C20ED400F934A8 /* InstaVideoLiteTests */ = {
			isa = PBXGroup;
			children = (
				68F60D6B19C20ED400F934A8 /* InstaVideoLiteTests.m */,
				68F60D6919C20ED400F934A8 /* Supporting Files */,
			);
			path = InstaVideoLiteTests;
			sourceTree = "<group>";
		};
		68F60D6919C20ED400F934A8 /* Supporting Files */ = {
			isa = PBXGroup;
			children = (
				68F60D6A19C20ED400F934A8 /* Info.plist */,
			);
			name = "Supporting Files";
			sourceTree = "<group>";
		};
		68F60D7519C20F3300F934A8 /* Resources */ = {
			isa = PBXGroup;
			children = (
				68F60E8719C457E800F934A8 /* Images */,
				68F60D7619C20F3300F934A8 /* Class */,
				68F60D7819C20F3300F934A8 /* Media */,
				68F60D7919C20F3300F934A8 /* Vender */,
				68F60D7A19C20F3300F934A8 /* View */,
				68F60DB619C2CCDC00F934A8 /* instavideo.xcdatamodeld */,
			);
			path = Resources;
			sourceTree = "<group>";
		};
		68F60D7619C20F3300F934A8 /* Class */ = {
			isa = PBXGroup;
			children = (
				68F60DAD19C29EB600F934A8 /* ILCommon.h */,
				68F60DAE19C29EB600F934A8 /* ILCommon.m */,
				68F60DB019C29F2300F934A8 /* ILPreDefine.h */,
				68F60E8419C42A5400F934A8 /* ILDataStore.h */,
				68F60E8519C42A5400F934A8 /* ILDataStore.m */,
			);
			path = Class;
			sourceTree = "<group>";
		};
		68F60D7819C20F3300F934A8 /* Media */ = {
			isa = PBXGroup;
			children = (
				68F60DA419C28FBD00F934A8 /* jerryfish.m4v */,
				68F60DA619C28FBD00F934A8 /* skateboarding.m4v */,
			);
			path = Media;
			sourceTree = "<group>";
		};
		68F60D7919C20F3300F934A8 /* Vender */ = {
			isa = PBXGroup;
			children = (
			);
			path = Vender;
			sourceTree = "<group>";
		};
		68F60D7A19C20F3300F934A8 /* View */ = {
			isa = PBXGroup;
			children = (
				68F60DAA19C296AD00F934A8 /* ILPlayerManager.h */,
				68F60DAB19C296AD00F934A8 /* ILPlayerManager.m */,
				68F60DA119C28D1500F934A8 /* ILClipDockView.h */,
				68F60DA219C28D1500F934A8 /* ILClipDockView.m */,
				68F60D9B19C28B1000F934A8 /* ILEditorViewController.h */,
				68F60D9C19C28B1000F934A8 /* ILEditorViewController.m */,
				68F60DB919C2ECAA00F934A8 /* ILCameraViewController.h */,
				68F60DBA19C2ECAA00F934A8 /* ILCameraViewController.m */,
				68F60DBC19C2EF5100F934A8 /* ILPhotosViewController.h */,
				68F60DBD19C2EF5100F934A8 /* ILPhotosViewController.m */,
				68F60DBE19C2EF5100F934A8 /* ILPhotosViewController.xib */,
				68F60DC219C2FF5C00F934A8 /* ILPhotoCell.h */,
				68F60DC319C2FF5C00F934A8 /* ILPhotoCell.m */,
				68F60DC419C2FF5C00F934A8 /* ILPhotoCell.xib */,
				68F60E8119C3DD6B00F934A8 /* ILNavBarView.h */,
				68F60E8219C3DD6B00F934A8 /* ILNavBarView.m */,
			);
			path = View;
			sourceTree = "<group>";
		};
		68F60E8719C457E800F934A8 /* Images */ = {
			isa = PBXGroup;
			children = (
				68F60E8819C457E800F934A8 /* compose */,
				68F60EA519C457E800F934A8 /* home */,
				68F60EB419C457E800F934A8 /* music */,
				68F60EC319C457E800F934A8 /* Pause.png */,
				68F60EC419C457E800F934A8 /* Pause@2x.png */,
				68F60EC519C457E800F934A8 /* play.png */,
				68F60EC619C457E800F934A8 /* play@2x.png */,
				68F60EC719C457E800F934A8 /* REC */,
				68F60ED019C457E800F934A8 /* share */,
				68F60EE319C457E800F934A8 /* share.png */,
				68F60EE419C457E800F934A8 /* share@2x.png */,
				68F60EE519C457E800F934A8 /* sticker */,
				68F60EF819C457E800F934A8 /* title-page.png */,
				68F60EF919C457E800F934A8 /* title-page@2x.png */,
				68F60EFA19C457E800F934A8 /* title-page_btn.png */,
				68F60EFB19C457E800F934A8 /* title-page_btn@2x.png */,
			);
			path = Images;
			sourceTree = "<group>";
		};
		68F60E8819C457E800F934A8 /* compose */ = {
			isa = PBXGroup;
			children = (
				68F60E8919C457E800F934A8 /* add_video.png */,
				68F60E8A19C457E800F934A8 /* add_video@2x.png */,
				68F60E8B19C457E800F934A8 /* bk_bar.png */,
				68F60E8C19C457E800F934A8 /* bk_bar@2x.png */,
				68F60E8D19C457E800F934A8 /* bk_btn.png */,
				68F60E8E19C457E800F934A8 /* bk_btn@2x.png */,
				68F60E8F19C457E800F934A8 /* blue_btn.png */,
				68F60E9019C457E800F934A8 /* blue_btn@2x.png */,
				68F60E9119C457E800F934A8 /* compose_big_.png */,
				68F60E9219C457E800F934A8 /* compose_big_btn@2x.png */,
				68F60E9319C457E800F934A8 /* compose_btn.png */,
				68F60E9419C457E800F934A8 /* compose_btn@2x.png */,
				68F60E9519C457E800F934A8 /* compose_crop.png */,
				68F60E9619C457E800F934A8 /* compose_crop@2x.png */,
				68F60E9719C457E800F934A8 /* compose_delete.png */,
				68F60E9819C457E800F934A8 /* compose_delete@2x.png */,
				68F60E9919C457E800F934A8 /* compose_fx.png */,
				68F60E9A19C457E800F934A8 /* compose_fx@2x.png */,
				68F60E9B19C457E800F934A8 /* compose_small_btn.png */,
				68F60E9C19C457E800F934A8 /* compose_small_btn@2x.png */,
				68F60E9D19C457E800F934A8 /* edit_btn.png */,
				68F60E9E19C457E800F934A8 /* edit_btn@2x.png */,
				68F60E9F19C457E800F934A8 /* play_btn.png */,
				68F60EA019C457E800F934A8 /* play_btn@2x.png */,
				68F60EA119C457E800F934A8 /* play_edit_btn.png */,
				68F60EA219C457E800F934A8 /* play_edit_btn@2x.png */,
				68F60EA319C457E800F934A8 /* time.png */,
				68F60EA419C457E800F934A8 /* time@2x.png */,
			);
			path = compose;
			sourceTree = "<group>";
		};
		68F60EA519C457E800F934A8 /* home */ = {
			isa = PBXGroup;
			children = (
				68F60EA619C457E800F934A8 /* back.png */,
				68F60EA719C457E800F934A8 /* back@2x.png */,
				68F60EA819C457E800F934A8 /* bar_btn.png */,
				68F60EA919C457E800F934A8 /* bar_btn@2x.png */,
				68F60EAA19C457E800F934A8 /* home_choose_btn-.png */,
				68F60EAB19C457E800F934A8 /* home_choose_btn-@2x.png */,
				68F60EAC19C457E800F934A8 /* home_choose_btn.png */,
				68F60EAD19C457E800F934A8 /* home_choose_btn@2x.png */,
				68F60EAE19C457E800F934A8 /* Next.png */,
				68F60EAF19C457E800F934A8 /* Next@2x.png */,
				68F60EB019C457E800F934A8 /* Video_btn.png */,
				68F60EB119C457E800F934A8 /* Video_btn@2x.png */,
				68F60EB219C457E800F934A8 /* video_icon.png */,
				68F60EB319C457E800F934A8 /* video_icon@2x.png */,
			);
			path = home;
			sourceTree = "<group>";
		};
		68F60EB419C457E800F934A8 /* music */ = {
			isa = PBXGroup;
			children = (
				68F60EB519C457E800F934A8 /* add_music.png */,
				68F60EB619C457E800F934A8 /* add_music@2x.png */,
				68F60EB719C457E800F934A8 /* btn_add_music-.png */,
				68F60EB819C457E800F934A8 /* btn_add_music-@2x.png */,
				68F60EB919C457E800F934A8 /* btn_add_music.png */,
				68F60EBA19C457E800F934A8 /* btn_add_music@2x.png */,
				68F60EBB19C457E800F934A8 /* music.png */,
				68F60EBC19C457E800F934A8 /* music@2x.png */,
				68F60EBD19C457E800F934A8 /* sound_btn.png */,
				68F60EBE19C457E800F934A8 /* sound_btn@2x.png */,
				68F60EBF19C457E800F934A8 /* sound_max.png */,
				68F60EC019C457E800F934A8 /* sound_max@2x.png */,
				68F60EC119C457E800F934A8 /* sound_mis.png */,
				68F60EC219C457E800F934A8 /* sound_mis@2x.png */,
			);
			path = music;
			sourceTree = "<group>";
		};
		68F60EC719C457E800F934A8 /* REC */ = {
			isa = PBXGroup;
			children = (
				68F60EC819C457E800F934A8 /* camera.png */,
				68F60EC919C457E800F934A8 /* camera@2x.png */,
				68F60ECA19C457E800F934A8 /* delete-.png */,
				68F60ECB19C457E800F934A8 /* delete-@2x.png */,
				68F60ECC19C457E800F934A8 /* delete.png */,
				68F60ECD19C457E800F934A8 /* delete@2x.png */,
				68F60ECE19C457E800F934A8 /* delete_done.png */,
				68F60ECF19C457E800F934A8 /* delete_done@2x.png */,
			);
			path = REC;
			sourceTree = "<group>";
		};
		68F60ED019C457E800F934A8 /* share */ = {
			isa = PBXGroup;
			children = (
				68F60ED119C457E800F934A8 /* Cancle.png */,
				68F60ED219C457E800F934A8 /* Cancle@2x.png */,
				68F60ED319C457E800F934A8 /* Email.png */,
				68F60ED419C457E800F934A8 /* Email@2x.png */,
				68F60ED519C457E800F934A8 /* Facebook.png */,
				68F60ED619C457E800F934A8 /* Facebook@2x.png */,
				68F60ED719C457E800F934A8 /* Instagram.png */,
				68F60ED819C457E800F934A8 /* Instagram@2x.png */,
				68F60ED919C457E800F934A8 /* Other-Apps.png */,
				68F60EDA19C457E800F934A8 /* Other-Apps@2x.png */,
				68F60EDB19C457E800F934A8 /* Save.png */,
				68F60EDC19C457E800F934A8 /* Save@2x.png */,
				68F60EDD19C457E800F934A8 /* Twitter.png */,
				68F60EDE19C457E800F934A8 /* Twitter@2x.png */,
				68F60EDF19C457E800F934A8 /* Vimeo.png */,
				68F60EE019C457E800F934A8 /* Vimeo@2x.png */,
				68F60EE119C457E800F934A8 /* YouTube.png */,
				68F60EE219C457E800F934A8 /* YouTube@2x.png */,
			);
			path = share;
			sourceTree = "<group>";
		};
		68F60EE519C457E800F934A8 /* sticker */ = {
			isa = PBXGroup;
			children = (
				68F60EE619C457E800F934A8 /* btn_creatne.png */,
				68F60EE719C457E800F934A8 /* btn_creatne@2x.png */,
				68F60EE819C457E800F934A8 /* btn_holiday.png */,
				68F60EE919C457E800F934A8 /* btn_holiday@2x.png */,
				68F60EEA19C457E800F934A8 /* btn_lifestly.png */,
				68F60EEB19C457E800F934A8 /* btn_lifestly@2x.png */,
				68F60EEC19C457E800F934A8 /* btn_love.png */,
				68F60EED19C457E800F934A8 /* btn_love@2x.png */,
				68F60EEE19C457E800F934A8 /* buy.png */,
				68F60EEF19C457E800F934A8 /* buy@2x.png */,
				68F60EF019C457E800F934A8 /* done.png */,
				68F60EF119C457E800F934A8 /* done@2x.png */,
				68F60EF219C457E800F934A8 /* fx_btn.png */,
				68F60EF319C457E800F934A8 /* fx_btn@2x.png */,
				68F60EF419C457E800F934A8 /* restoe.png */,
				68F60EF519C457E800F934A8 /* restoe@2x.png */,
				68F60EF619C457E800F934A8 /* store.png */,
				68F60EF719C457E800F934A8 /* store@2x.png */,
			);
			path = sticker;
			sourceTree = "<group>";
		};
/* End PBXGroup section */

/* Begin PBXNativeTarget section */
		68F60D4B19C20ED300F934A8 /* InstaVideoLite */ = {
			isa = PBXNativeTarget;
			buildConfigurationList = 68F60D6F19C20ED400F934A8 /* Build configuration list for PBXNativeTarget "InstaVideoLite" */;
			buildPhases = (
				5B44B9E3A9A043D6AE21D116 /* Check Pods Manifest.lock */,
				68F60D4819C20ED300F934A8 /* Sources */,
				68F60D4919C20ED300F934A8 /* Frameworks */,
				68F60D4A19C20ED300F934A8 /* Resources */,
				C3B4562CF51B41D89C6C572F /* Copy Pods Resources */,
			);
			buildRules = (
			);
			dependencies = (
			);
			name = InstaVideoLite;
			productName = InstaVideoLite;
			productReference = 68F60D4C19C20ED300F934A8 /* InstaVideoLite.app */;
			productType = "com.apple.product-type.application";
		};
		68F60D6419C20ED400F934A8 /* InstaVideoLiteTests */ = {
			isa = PBXNativeTarget;
			buildConfigurationList = 68F60D7219C20ED400F934A8 /* Build configuration list for PBXNativeTarget "InstaVideoLiteTests" */;
			buildPhases = (
				68F60D6119C20ED400F934A8 /* Sources */,
				68F60D6219C20ED400F934A8 /* Frameworks */,
				68F60D6319C20ED400F934A8 /* Resources */,
			);
			buildRules = (
			);
			dependencies = (
				68F60D6719C20ED400F934A8 /* PBXTargetDependency */,
			);
			name = InstaVideoLiteTests;
			productName = InstaVideoLiteTests;
			productReference = 68F60D6519C20ED400F934A8 /* InstaVideoLiteTests.xctest */;
			productType = "com.apple.product-type.bundle.unit-test";
		};
/* End PBXNativeTarget section */

/* Begin PBXProject section */
		68F60D4419C20ED300F934A8 /* Project object */ = {
			isa = PBXProject;
			attributes = {
				LastUpgradeCheck = 0600;
				ORGANIZATIONNAME = "Imagelet Labs";
				TargetAttributes = {
					68F60D4B19C20ED300F934A8 = {
						CreatedOnToolsVersion = 6.1;
						DevelopmentTeam = A3MH926672;
					};
					68F60D6419C20ED400F934A8 = {
						CreatedOnToolsVersion = 6.1;
						TestTargetID = 68F60D4B19C20ED300F934A8;
					};
				};
			};
			buildConfigurationList = 68F60D4719C20ED300F934A8 /* Build configuration list for PBXProject "InstaVideoLite" */;
			compatibilityVersion = "Xcode 3.2";
			developmentRegion = English;
			hasScannedForEncodings = 0;
			knownRegions = (
				en,
				Base,
			);
			mainGroup = 68F60D4319C20ED300F934A8;
			productRefGroup = 68F60D4D19C20ED300F934A8 /* Products */;
			projectDirPath = "";
			projectRoot = "";
			targets = (
				68F60D4B19C20ED300F934A8 /* InstaVideoLite */,
				68F60D6419C20ED400F934A8 /* InstaVideoLiteTests */,
			);
		};
/* End PBXProject section */

/* Begin PBXResourcesBuildPhase section */
		68F60D4A19C20ED300F934A8 /* Resources */ = {
			isa = PBXResourcesBuildPhase;
			buildActionMask = 2147483647;
			files = (
				68F60DC019C2EF5100F934A8 /* ILPhotosViewController.xib in Resources */,
				68F60F4619C457E800F934A8 /* Instagram.png in Resources */,
				68F60F3219C457E800F934A8 /* sound_mis.png in Resources */,
				68F60F1619C457E800F934A8 /* time.png in Resources */,
				68F60D9319C20FCB00F934A8 /* 4inch_3.png in Resources */,
				68F60D8C19C20F5F00F934A8 /* 4inch_9.png in Resources */,
				68F60F5619C457E800F934A8 /* btn_holiday.png in Resources */,
				68F60D9219C20FCB00F934A8 /* 4inch_2.png in Resources */,
				68F60F3419C457E800F934A8 /* Pause.png in Resources */,
				68F60D8719C20F5F00F934A8 /* 4inch_7a.png in Resources */,
				68F60F0A19C457E800F934A8 /* compose_delete.png in Resources */,
				68F60F5219C457E800F934A8 /* share.png in Resources */,
				68F60F1919C457E800F934A8 /* back@2x.png in Resources */,
				68F60F0C19C457E800F934A8 /* compose_fx.png in Resources */,
				68F60F1E19C457E800F934A8 /* home_choose_btn.png in Resources */,
				68F60F4119C457E800F934A8 /* Cancle@2x.png in Resources */,
				68F60F6319C457E800F934A8 /* restoe@2x.png in Resources */,
				68F60F0E19C457E800F934A8 /* compose_small_btn.png in Resources */,
				68F60F2519C457E800F934A8 /* video_icon@2x.png in Resources */,
				68F60F2119C457E800F934A8 /* Next@2x.png in Resources */,
				68F60F5919C457E800F934A8 /* btn_lifestly@2x.png in Resources */,
				68F60DA919C28FBD00F934A8 /* skateboarding.m4v in Resources */,
				68F60F2C19C457E800F934A8 /* music.png in Resources */,
				68F60D8919C20F5F00F934A8 /* 4inch_7c.png in Resources */,
				68F60D8419C20F5F00F934A8 /* 4inch_5.png in Resources */,
				68F60F5E19C457E800F934A8 /* done.png in Resources */,
				68F60F3D19C457E800F934A8 /* delete@2x.png in Resources */,
				68F60F4419C457E800F934A8 /* Facebook.png in Resources */,
				68F60F6519C457E800F934A8 /* store@2x.png in Resources */,
				68F60F0719C457E800F934A8 /* compose_btn@2x.png in Resources */,
				68F60D8619C20F5F00F934A8 /* 4inch_6a.png in Resources */,
				68F60F2419C457E800F934A8 /* video_icon.png in Resources */,
				68F60F6619C457E800F934A8 /* title-page.png in Resources */,
				68F60D9419C20FCB00F934A8 /* 4inch_4.png in Resources */,
				68F60F1219C457E800F934A8 /* play_btn.png in Resources */,
				68F60F4819C457E800F934A8 /* Other-Apps.png in Resources */,
				68F60F1419C457E800F934A8 /* play_edit_btn.png in Resources */,
				68F60F2719C457E800F934A8 /* add_music@2x.png in Resources */,
				68F60D5B19C20ED300F934A8 /* Main.storyboard in Resources */,
				68F60F6419C457E800F934A8 /* store.png in Resources */,
				68F60F1C19C457E800F934A8 /* home_choose_btn-.png in Resources */,
				68F60F4E19C457E800F934A8 /* Vimeo.png in Resources */,
				68F60F0619C457E800F934A8 /* compose_btn.png in Resources */,
				68F60F5819C457E800F934A8 /* btn_lifestly.png in Resources */,
				68F60F0019C457E800F934A8 /* bk_btn.png in Resources */,
				68F60F3719C457E800F934A8 /* play@2x.png in Resources */,
				68F60F4319C457E800F934A8 /* Email@2x.png in Resources */,
				68F60EFF19C457E800F934A8 /* bk_bar@2x.png in Resources */,
				68F60F3119C457E800F934A8 /* sound_max@2x.png in Resources */,
				68F60F1A19C457E800F934A8 /* bar_btn.png in Resources */,
				68F60F3519C457E800F934A8 /* Pause@2x.png in Resources */,
				68F60F4219C457E800F934A8 /* Email.png in Resources */,
				68F60F4519C457E800F934A8 /* Facebook@2x.png in Resources */,
				68F60F3B19C457E800F934A8 /* delete-@2x.png in Resources */,
				68F60F1B19C457E800F934A8 /* bar_btn@2x.png in Resources */,
				68F60D8519C20F5F00F934A8 /* 4inch_6.png in Resources */,
				68F60F0819C457E800F934A8 /* compose_crop.png in Resources */,
				68F60F1D19C457E800F934A8 /* home_choose_btn-@2x.png in Resources */,
				68F60F2219C457E800F934A8 /* Video_btn.png in Resources */,
				68F60F1719C457E800F934A8 /* time@2x.png in Resources */,
				68F60F5D19C457E800F934A8 /* buy@2x.png in Resources */,
				68F60D8819C20F5F00F934A8 /* 4inch_7b.png in Resources */,
				68F60F1F19C457E800F934A8 /* home_choose_btn@2x.png in Resources */,
				68F60F1819C457E800F934A8 /* back.png in Resources */,
				68F60F5119C457E800F934A8 /* YouTube@2x.png in Resources */,
				68F60F6019C457E800F934A8 /* fx_btn.png in Resources */,
				68F60F2319C457E800F934A8 /* Video_btn@2x.png in Resources */,
				68F60F3E19C457E800F934A8 /* delete_done.png in Resources */,
				68F60F4919C457E800F934A8 /* Other-Apps@2x.png in Resources */,
				68F60F4F19C457E800F934A8 /* Vimeo@2x.png in Resources */,
				68F60F5019C457E800F934A8 /* YouTube.png in Resources */,
				68F60F3319C457E800F934A8 /* sound_mis@2x.png in Resources */,
				68F60F5B19C457E800F934A8 /* btn_love@2x.png in Resources */,
				68F60F4C19C457E800F934A8 /* Twitter.png in Resources */,
				68F60DA719C28FBD00F934A8 /* jerryfish.m4v in Resources */,
				68F60F5519C457E800F934A8 /* btn_creatne@2x.png in Resources */,
				68F60F2E19C457E800F934A8 /* sound_btn.png in Resources */,
				68F60F4D19C457E800F934A8 /* Twitter@2x.png in Resources */,
				68F60EFD19C457E800F934A8 /* add_video@2x.png in Resources */,
				68F60F3919C457E800F934A8 /* camera@2x.png in Resources */,
				68F60F1519C457E800F934A8 /* play_edit_btn@2x.png in Resources */,
				68F60F1119C457E800F934A8 /* edit_btn@2x.png in Resources */,
				68F60F4A19C457E800F934A8 /* Save.png in Resources */,
				68F60EFE19C457E800F934A8 /* bk_bar.png in Resources */,
				68F60F5A19C457E800F934A8 /* btn_love.png in Resources */,
				68F60F6119C457E800F934A8 /* fx_btn@2x.png in Resources */,
				68F60F5419C457E800F934A8 /* btn_creatne.png in Resources */,
				68F60D8B19C20F5F00F934A8 /* 4inch_8.png in Resources */,
				68F60F2919C457E800F934A8 /* btn_add_music-@2x.png in Resources */,
				68F60D8A19C20F5F00F934A8 /* 4inch_7d.png in Resources */,
				68F60F6719C457E800F934A8 /* title-page@2x.png in Resources */,
				68F60F2A19C457E800F934A8 /* btn_add_music.png in Resources */,
				68F60F0419C457E800F934A8 /* compose_big_.png in Resources */,
				68F60EFC19C457E800F934A8 /* add_video.png in Resources */,
				68F60F2619C457E800F934A8 /* add_music.png in Resources */,
				68F60F0B19C457E800F934A8 /* compose_delete@2x.png in Resources */,
				68F60F1019C457E800F934A8 /* edit_btn.png in Resources */,
				68F60F3C19C457E800F934A8 /* delete.png in Resources */,
				68F60F2B19C457E800F934A8 /* btn_add_music@2x.png in Resources */,
				68F60F6919C457E800F934A8 /* title-page_btn@2x.png in Resources */,
				68F60F0919C457E800F934A8 /* compose_crop@2x.png in Resources */,
				68F60F0F19C457E800F934A8 /* compose_small_btn@2x.png in Resources */,
				68F60F3619C457E800F934A8 /* play.png in Resources */,
				68F60F4019C457E800F934A8 /* Cancle.png in Resources */,
				68F60F6219C457E800F934A8 /* restoe.png in Resources */,
				68F60D6019C20ED400F934A8 /* LaunchScreen.xib in Resources */,
				68F60F3F19C457E800F934A8 /* delete_done@2x.png in Resources */,
				68F60F0519C457E800F934A8 /* compose_big_btn@2x.png in Resources */,
				68F60F2019C457E800F934A8 /* Next.png in Resources */,
				68F60F0119C457E800F934A8 /* bk_btn@2x.png in Resources */,
				68F60F5319C457E800F934A8 /* share@2x.png in Resources */,
				68F60F1319C457E800F934A8 /* play_btn@2x.png in Resources */,
				68F60F4719C457E800F934A8 /* Instagram@2x.png in Resources */,
				68F60F0319C457E800F934A8 /* blue_btn@2x.png in Resources */,
				68F60F0D19C457E800F934A8 /* compose_fx@2x.png in Resources */,
				68F60F2F19C457E800F934A8 /* sound_btn@2x.png in Resources */,
				68F60F3019C457E800F934A8 /* sound_max.png in Resources */,
				68F60F2D19C457E800F934A8 /* music@2x.png in Resources */,
				68F60F0219C457E800F934A8 /* blue_btn.png in Resources */,
				68F60F3819C457E800F934A8 /* camera.png in Resources */,
				68F60DC619C2FF5C00F934A8 /* ILPhotoCell.xib in Resources */,
				68F60D5D19C20ED400F934A8 /* Images.xcassets in Resources */,
				68F60F2819C457E800F934A8 /* btn_add_music-.png in Resources */,
				68F60F5719C457E800F934A8 /* btn_holiday@2x.png in Resources */,
				68F60F6819C457E800F934A8 /* title-page_btn.png in Resources */,
				68F60D9119C20FCB00F934A8 /* 4inch_1.png in Resources */,
				68F60F5C19C457E800F934A8 /* buy.png in Resources */,
				68F60F3A19C457E800F934A8 /* delete-.png in Resources */,
				68F60F5F19C457E800F934A8 /* done@2x.png in Resources */,
				68F60F4B19C457E800F934A8 /* Save@2x.png in Resources */,
			);
			runOnlyForDeploymentPostprocessing = 0;
		};
		68F60D6319C20ED400F934A8 /* Resources */ = {
			isa = PBXResourcesBuildPhase;
			buildActionMask = 2147483647;
			files = (
			);
			runOnlyForDeploymentPostprocessing = 0;
		};
/* End PBXResourcesBuildPhase section */

/* Begin PBXShellScriptBuildPhase section */
		5B44B9E3A9A043D6AE21D116 /* Check Pods Manifest.lock */ = {
			isa = PBXShellScriptBuildPhase;
			buildActionMask = 2147483647;
			files = (
			);
			inputPaths = (
			);
			name = "Check Pods Manifest.lock";
			outputPaths = (
			);
			runOnlyForDeploymentPostprocessing = 0;
			shellPath = /bin/sh;
			shellScript = "diff \"${PODS_ROOT}/../Podfile.lock\" \"${PODS_ROOT}/Manifest.lock\" > /dev/null\nif [[ $? != 0 ]] ; then\n    cat << EOM\nerror: The sandbox is not in sync with the Podfile.lock. Run 'pod install' or update your CocoaPods installation.\nEOM\n    exit 1\nfi\n";
			showEnvVarsInLog = 0;
		};
		C3B4562CF51B41D89C6C572F /* Copy Pods Resources */ = {
			isa = PBXShellScriptBuildPhase;
			buildActionMask = 2147483647;
			files = (
			);
			inputPaths = (
			);
			name = "Copy Pods Resources";
			outputPaths = (
			);
			runOnlyForDeploymentPostprocessing = 0;
			shellPath = /bin/sh;
			shellScript = "\"${SRCROOT}/Pods/Pods-InstaVideoLite-resources.sh\"\n";
			showEnvVarsInLog = 0;
		};
/* End PBXShellScriptBuildPhase section */

/* Begin PBXSourcesBuildPhase section */
		68F60D4819C20ED300F934A8 /* Sources */ = {
			isa = PBXSourcesBuildPhase;
			buildActionMask = 2147483647;
			files = (
				68F60E8319C3DD6B00F934A8 /* ILNavBarView.m in Sources */,
				68F60D5519C20ED300F934A8 /* AppDelegate.m in Sources */,
				68F60D9D19C28B1000F934A8 /* ILEditorViewController.m in Sources */,
				68F60DAC19C296AD00F934A8 /* ILPlayerManager.m in Sources */,
				68F60D5219C20ED300F934A8 /* main.m in Sources */,
				68F60DBF19C2EF5100F934A8 /* ILPhotosViewController.m in Sources */,
				68F60DA319C28D1500F934A8 /* ILClipDockView.m in Sources */,
				68F60DB819C2CCDC00F934A8 /* instavideo.xcdatamodeld in Sources */,
				68F60E8619C42A5400F934A8 /* ILDataStore.m in Sources */,
				68F60DAF19C29EB600F934A8 /* ILCommon.m in Sources */,
				68F60DBB19C2ECAA00F934A8 /* ILCameraViewController.m in Sources */,
				68F60DC519C2FF5C00F934A8 /* ILPhotoCell.m in Sources */,
			);
			runOnlyForDeploymentPostprocessing = 0;
		};
		68F60D6119C20ED400F934A8 /* Sources */ = {
			isa = PBXSourcesBuildPhase;
			buildActionMask = 2147483647;
			files = (
				68F60D6C19C20ED400F934A8 /* InstaVideoLiteTests.m in Sources */,
			);
			runOnlyForDeploymentPostprocessing = 0;
		};
/* End PBXSourcesBuildPhase section */

/* Begin PBXTargetDependency section */
		68F60D6719C20ED400F934A8 /* PBXTargetDependency */ = {
			isa = PBXTargetDependency;
			target = 68F60D4B19C20ED300F934A8 /* InstaVideoLite */;
			targetProxy = 68F60D6619C20ED400F934A8 /* PBXContainerItemProxy */;
		};
/* End PBXTargetDependency section */

/* Begin PBXVariantGroup section */
		68F60D5919C20ED300F934A8 /* Main.storyboard */ = {
			isa = PBXVariantGroup;
			children = (
				68F60D5A19C20ED300F934A8 /* Base */,
			);
			name = Main.storyboard;
			sourceTree = "<group>";
		};
		68F60D5E19C20ED400F934A8 /* LaunchScreen.xib */ = {
			isa = PBXVariantGroup;
			children = (
				68F60D5F19C20ED400F934A8 /* Base */,
			);
			name = LaunchScreen.xib;
			sourceTree = "<group>";
		};
/* End PBXVariantGroup section */

/* Begin XCBuildConfiguration section */
		68F60D6D19C20ED400F934A8 /* Debug */ = {
			isa = XCBuildConfiguration;
			buildSettings = {
				ALWAYS_SEARCH_USER_PATHS = NO;
				CLANG_CXX_LANGUAGE_STANDARD = "gnu++0x";
				CLANG_CXX_LIBRARY = "libc++";
				CLANG_ENABLE_MODULES = YES;
				CLANG_ENABLE_OBJC_ARC = YES;
				CLANG_WARN_BOOL_CONVERSION = YES;
				CLANG_WARN_CONSTANT_CONVERSION = YES;
				CLANG_WARN_DIRECT_OBJC_ISA_USAGE = YES_ERROR;
				CLANG_WARN_EMPTY_BODY = YES;
				CLANG_WARN_ENUM_CONVERSION = YES;
				CLANG_WARN_INT_CONVERSION = YES;
				CLANG_WARN_OBJC_ROOT_CLASS = YES_ERROR;
				CLANG_WARN_UNREACHABLE_CODE = YES;
				CLANG_WARN__DUPLICATE_METHOD_MATCH = YES;
				"CODE_SIGN_IDENTITY[sdk=iphoneos*]" = "iPhone Developer";
				COPY_PHASE_STRIP = NO;
				ENABLE_STRICT_OBJC_MSGSEND = YES;
				GCC_C_LANGUAGE_STANDARD = gnu99;
				GCC_DYNAMIC_NO_PIC = NO;
				GCC_OPTIMIZATION_LEVEL = 0;
				GCC_PREPROCESSOR_DEFINITIONS = (
					"DEBUG=1",
					"$(inherited)",
				);
				GCC_SYMBOLS_PRIVATE_EXTERN = NO;
				GCC_WARN_64_TO_32_BIT_CONVERSION = YES;
				GCC_WARN_ABOUT_RETURN_TYPE = YES_ERROR;
				GCC_WARN_UNDECLARED_SELECTOR = YES;
				GCC_WARN_UNINITIALIZED_AUTOS = YES_AGGRESSIVE;
				GCC_WARN_UNUSED_FUNCTION = YES;
				GCC_WARN_UNUSED_VARIABLE = YES;
				IPHONEOS_DEPLOYMENT_TARGET = 8.0;
				MTL_ENABLE_DEBUG_INFO = YES;
				ONLY_ACTIVE_ARCH = YES;
				SDKROOT = iphoneos;
				TARGETED_DEVICE_FAMILY = "1,2";
			};
			name = Debug;
		};
		68F60D6E19C20ED400F934A8 /* Release */ = {
			isa = XCBuildConfiguration;
			buildSettings = {
				ALWAYS_SEARCH_USER_PATHS = NO;
				CLANG_CXX_LANGUAGE_STANDARD = "gnu++0x";
				CLANG_CXX_LIBRARY = "libc++";
				CLANG_ENABLE_MODULES = YES;
				CLANG_ENABLE_OBJC_ARC = YES;
				CLANG_WARN_BOOL_CONVERSION = YES;
				CLANG_WARN_CONSTANT_CONVERSION = YES;
				CLANG_WARN_DIRECT_OBJC_ISA_USAGE = YES_ERROR;
				CLANG_WARN_EMPTY_BODY = YES;
				CLANG_WARN_ENUM_CONVERSION = YES;
				CLANG_WARN_INT_CONVERSION = YES;
				CLANG_WARN_OBJC_ROOT_CLASS = YES_ERROR;
				CLANG_WARN_UNREACHABLE_CODE = YES;
				CLANG_WARN__DUPLICATE_METHOD_MATCH = YES;
				"CODE_SIGN_IDENTITY[sdk=iphoneos*]" = "iPhone Developer";
				COPY_PHASE_STRIP = YES;
				ENABLE_NS_ASSERTIONS = NO;
				ENABLE_STRICT_OBJC_MSGSEND = YES;
				GCC_C_LANGUAGE_STANDARD = gnu99;
				GCC_WARN_64_TO_32_BIT_CONVERSION = YES;
				GCC_WARN_ABOUT_RETURN_TYPE = YES_ERROR;
				GCC_WARN_UNDECLARED_SELECTOR = YES;
				GCC_WARN_UNINITIALIZED_AUTOS = YES_AGGRESSIVE;
				GCC_WARN_UNUSED_FUNCTION = YES;
				GCC_WARN_UNUSED_VARIABLE = YES;
				IPHONEOS_DEPLOYMENT_TARGET = 8.0;
				MTL_ENABLE_DEBUG_INFO = NO;
				SDKROOT = iphoneos;
				TARGETED_DEVICE_FAMILY = "1,2";
				VALIDATE_PRODUCT = YES;
			};
			name = Release;
		};
		68F60D7019C20ED400F934A8 /* Debug */ = {
			isa = XCBuildConfiguration;
			baseConfigurationReference = BC32C2C6B22F40ED9A554C59 /* Pods-InstaVideoLite.xcconfig */;
			buildSettings = {
				ASSETCATALOG_COMPILER_APPICON_NAME = AppIcon;
				ASSETCATALOG_COMPILER_LAUNCHIMAGE_NAME = LaunchImage;
				CODE_SIGN_IDENTITY = "iPhone Developer";
				"CODE_SIGN_IDENTITY[sdk=iphoneos*]" = "iPhone Developer";
				GCC_PRECOMPILE_PREFIX_HEADER = NO;
				GCC_PREFIX_HEADER = "";
				INFOPLIST_FILE = InstaVideoLite/Info.plist;
				IPHONEOS_DEPLOYMENT_TARGET = 7.0;
				LD_RUNPATH_SEARCH_PATHS = "$(inherited) @executable_path/Frameworks";
				PRODUCT_NAME = "$(TARGET_NAME)";
				PROVISIONING_PROFILE = "";
			};
			name = Debug;
		};
		68F60D7119C20ED400F934A8 /* Release */ = {
			isa = XCBuildConfiguration;
			baseConfigurationReference = BC32C2C6B22F40ED9A554C59 /* Pods-InstaVideoLite.xcconfig */;
			buildSettings = {
				ASSETCATALOG_COMPILER_APPICON_NAME = AppIcon;
				ASSETCATALOG_COMPILER_LAUNCHIMAGE_NAME = LaunchImage;
				CODE_SIGN_IDENTITY = "iPhone Developer";
				"CODE_SIGN_IDENTITY[sdk=iphoneos*]" = "iPhone Developer";
				GCC_PRECOMPILE_PREFIX_HEADER = NO;
				GCC_PREFIX_HEADER = "";
				INFOPLIST_FILE = InstaVideoLite/Info.plist;
				IPHONEOS_DEPLOYMENT_TARGET = 7.0;
				LD_RUNPATH_SEARCH_PATHS = "$(inherited) @executable_path/Frameworks";
				PRODUCT_NAME = "$(TARGET_NAME)";
				PROVISIONING_PROFILE = "";
			};
			name = Release;
		};
		68F60D7319C20ED400F934A8 /* Debug */ = {
			isa = XCBuildConfiguration;
			buildSettings = {
				BUNDLE_LOADER = "$(TEST_HOST)";
				FRAMEWORK_SEARCH_PATHS = (
					"$(SDKROOT)/Developer/Library/Frameworks",
					"$(inherited)",
				);
				GCC_PREPROCESSOR_DEFINITIONS = (
					"DEBUG=1",
					"$(inherited)",
				);
				INFOPLIST_FILE = InstaVideoLiteTests/Info.plist;
				LD_RUNPATH_SEARCH_PATHS = "$(inherited) @executable_path/Frameworks @loader_path/Frameworks";
				PRODUCT_NAME = "$(TARGET_NAME)";
				TEST_HOST = "$(BUILT_PRODUCTS_DIR)/InstaVideoLite.app/InstaVideoLite";
			};
			name = Debug;
		};
		68F60D7419C20ED400F934A8 /* Release */ = {
			isa = XCBuildConfiguration;
			buildSettings = {
				BUNDLE_LOADER = "$(TEST_HOST)";
				FRAMEWORK_SEARCH_PATHS = (
					"$(SDKROOT)/Developer/Library/Frameworks",
					"$(inherited)",
				);
				INFOPLIST_FILE = InstaVideoLiteTests/Info.plist;
				LD_RUNPATH_SEARCH_PATHS = "$(inherited) @executable_path/Frameworks @loader_path/Frameworks";
				PRODUCT_NAME = "$(TARGET_NAME)";
				TEST_HOST = "$(BUILT_PRODUCTS_DIR)/InstaVideoLite.app/InstaVideoLite";
			};
			name = Release;
		};
/* End XCBuildConfiguration section */

/* Begin XCConfigurationList section */
		68F60D4719C20ED300F934A8 /* Build configuration list for PBXProject "InstaVideoLite" */ = {
			isa = XCConfigurationList;
			buildConfigurations = (
				68F60D6D19C20ED400F934A8 /* Debug */,
				68F60D6E19C20ED400F934A8 /* Release */,
			);
			defaultConfigurationIsVisible = 0;
			defaultConfigurationName = Release;
		};
		68F60D6F19C20ED400F934A8 /* Build configuration list for PBXNativeTarget "InstaVideoLite" */ = {
			isa = XCConfigurationList;
			buildConfigurations = (
				68F60D7019C20ED400F934A8 /* Debug */,
				68F60D7119C20ED400F934A8 /* Release */,
			);
			defaultConfigurationIsVisible = 0;
			defaultConfigurationName = Release;
		};
		68F60D7219C20ED400F934A8 /* Build configuration list for PBXNativeTarget "InstaVideoLiteTests" */ = {
			isa = XCConfigurationList;
			buildConfigurations = (
				68F60D7319C20ED400F934A8 /* Debug */,
				68F60D7419C20ED400F934A8 /* Release */,
			);
			defaultConfigurationIsVisible = 0;
			defaultConfigurationName = Release;
		};
/* End XCConfigurationList section */

/* Begin XCVersionGroup section */
		68F60DB619C2CCDC00F934A8 /* instavideo.xcdatamodeld */ = {
			isa = XCVersionGroup;
			children = (
				68F60DB719C2CCDC00F934A8 /* instavideo.xcdatamodel */,
			);
			currentVersion = 68F60DB719C2CCDC00F934A8 /* instavideo.xcdatamodel */;
			path = instavideo.xcdatamodeld;
			sourceTree = "<group>";
			versionGroupType = wrapper.xcdatamodel;
		};
/* End XCVersionGroup section */
	};
	rootObject = 68F60D4419C20ED300F934A8 /* Project object */;
}
